// !$*UTF8*$!
{
	archiveVersion = 1;
	classes = {
	};
	objectVersion = 50;
	objects = {

/* Begin PBXBuildFile section */
		D488DBD825A5A81100B98482 /* PhotoViewController.swift in Sources */ = {isa = PBXBuildFile; fileRef = D488DBD725A5A81100B98482 /* PhotoViewController.swift */; };
		D4F591DA259B2831007DF414 /* AppDelegate.swift in Sources */ = {isa = PBXBuildFile; fileRef = D4F591D9259B2831007DF414 /* AppDelegate.swift */; };
		D4F591DC259B2831007DF414 /* SceneDelegate.swift in Sources */ = {isa = PBXBuildFile; fileRef = D4F591DB259B2831007DF414 /* SceneDelegate.swift */; };
		D4F591DE259B2831007DF414 /* ViewController.swift in Sources */ = {isa = PBXBuildFile; fileRef = D4F591DD259B2831007DF414 /* ViewController.swift */; };
		D4F591E1259B2831007DF414 /* Main.storyboard in Resources */ = {isa = PBXBuildFile; fileRef = D4F591DF259B2831007DF414 /* Main.storyboard */; };
		D4F591E3259B2833007DF414 /* Assets.xcassets in Resources */ = {isa = PBXBuildFile; fileRef = D4F591E2259B2833007DF414 /* Assets.xcassets */; };
		D4F591E6259B2833007DF414 /* LaunchScreen.storyboard in Resources */ = {isa = PBXBuildFile; fileRef = D4F591E4259B2833007DF414 /* LaunchScreen.storyboard */; };
		D4F591EF259B284E007DF414 /* TViewController.swift in Sources */ = {isa = PBXBuildFile; fileRef = D4F591EE259B284E007DF414 /* TViewController.swift */; };
		D4F591F2259B2867007DF414 /* SecondViewController.swift in Sources */ = {isa = PBXBuildFile; fileRef = D4F591F1259B2867007DF414 /* SecondViewController.swift */; };
		D4F591F5259B29F7007DF414 /* BMDOHYEON.ttf in Resources */ = {isa = PBXBuildFile; fileRef = D4F591F4259B2928007DF414 /* BMDOHYEON.ttf */; };
/* End PBXBuildFile section */

/* Begin PBXFileReference section */
		D488DBD725A5A81100B98482 /* PhotoViewController.swift */ = {isa = PBXFileReference; lastKnownFileType = sourcecode.swift; path = PhotoViewController.swift; sourceTree = "<group>"; };
		D4F591D6259B2831007DF414 /* MyProject-7.app */ = {isa = PBXFileReference; explicitFileType = wrapper.application; includeInIndex = 0; path = "MyProject-7.app"; sourceTree = BUILT_PRODUCTS_DIR; };
		D4F591D9259B2831007DF414 /* AppDelegate.swift */ = {isa = PBXFileReference; lastKnownFileType = sourcecode.swift; path = AppDelegate.swift; sourceTree = "<group>"; };
		D4F591DB259B2831007DF414 /* SceneDelegate.swift */ = {isa = PBXFileReference; lastKnownFileType = sourcecode.swift; path = SceneDelegate.swift; sourceTree = "<group>"; };
		D4F591DD259B2831007DF414 /* ViewController.swift */ = {isa = PBXFileReference; lastKnownFileType = sourcecode.swift; path = ViewController.swift; sourceTree = "<group>"; };
		D4F591E0259B2831007DF414 /* Base */ = {isa = PBXFileReference; lastKnownFileType = file.storyboard; name = Base; path = Base.lproj/Main.storyboard; sourceTree = "<group>"; };
		D4F591E2259B2833007DF414 /* Assets.xcassets */ = {isa = PBXFileReference; lastKnownFileType = folder.assetcatalog; path = Assets.xcassets; sourceTree = "<group>"; };
		D4F591E5259B2833007DF414 /* Base */ = {isa = PBXFileReference; lastKnownFileType = file.storyboard; name = Base; path = Base.lproj/LaunchScreen.storyboard; sourceTree = "<group>"; };
		D4F591E7259B2833007DF414 /* Info.plist */ = {isa = PBXFileReference; lastKnownFileType = text.plist.xml; path = Info.plist; sourceTree = "<group>"; };
		D4F591EE259B284E007DF414 /* TViewController.swift */ = {isa = PBXFileReference; fileEncoding = 4; lastKnownFileType = sourcecode.swift; path = TViewController.swift; sourceTree = "<group>"; };
		D4F591F1259B2867007DF414 /* SecondViewController.swift */ = {isa = PBXFileReference; fileEncoding = 4; lastKnownFileType = sourcecode.swift; path = SecondViewController.swift; sourceTree = "<group>"; };
		D4F591F4259B2928007DF414 /* BMDOHYEON.ttf */ = {isa = PBXFileReference; lastKnownFileType = file; path = BMDOHYEON.ttf; sourceTree = "<group>"; };
/* End PBXFileReference section */

/* Begin PBXFrameworksBuildPhase section */
		D4F591D3259B2831007DF414 /* Frameworks */ = {
			isa = PBXFrameworksBuildPhase;
			buildActionMask = 2147483647;
			files = (
			);
			runOnlyForDeploymentPostprocessing = 0;
		};
/* End PBXFrameworksBuildPhase section */

/* Begin PBXGroup section */
		D4F591CD259B2831007DF414 = {
			isa = PBXGroup;
			children = (
				D4F591D8259B2831007DF414 /* MyProject-7 */,
				D4F591D7259B2831007DF414 /* Products */,
			);
			sourceTree = "<group>";
		};
		D4F591D7259B2831007DF414 /* Products */ = {
			isa = PBXGroup;
			children = (
				D4F591D6259B2831007DF414 /* MyProject-7.app */,
			);
			name = Products;
			sourceTree = "<group>";
		};
		D4F591D8259B2831007DF414 /* MyProject-7 */ = {
			isa = PBXGroup;
			children = (
				D4F591D9259B2831007DF414 /* AppDelegate.swift */,
				D4F591DB259B2831007DF414 /* SceneDelegate.swift */,
				D488DBD725A5A81100B98482 /* PhotoViewController.swift */,
				D4F591DD259B2831007DF414 /* ViewController.swift */,
				D4F591DF259B2831007DF414 /* Main.storyboard */,
				D4F591E2259B2833007DF414 /* Assets.xcassets */,
				D4F591E4259B2833007DF414 /* LaunchScreen.storyboard */,
				D4F591F1259B2867007DF414 /* SecondViewController.swift */,
				D4F591F4259B2928007DF414 /* BMDOHYEON.ttf */,
				D4F591EE259B284E007DF414 /* TViewController.swift */,
				D4F591E7259B2833007DF414 /* Info.plist */,
			);
			path = "MyProject-7";
			sourceTree = "<group>";
		};
/* End PBXGroup section */

/* Begin PBXNativeTarget section */
		D4F591D5259B2831007DF414 /* MyProject-7 */ = {
			isa = PBXNativeTarget;
			buildConfigurationList = D4F591EA259B2833007DF414 /* Build configuration list for PBXNativeTarget "MyProject-7" */;
			buildPhases = (
				D4F591D2259B2831007DF414 /* Sources */,
				D4F591D3259B2831007DF414 /* Frameworks */,
				D4F591D4259B2831007DF414 /* Resources */,
			);
			buildRules = (
			);
			dependencies = (
			);
			name = "MyProject-7";
			productName = "MyProject-7";
			productReference = D4F591D6259B2831007DF414 /* MyProject-7.app */;
			productType = "com.apple.product-type.application";
		};
/* End PBXNativeTarget section */

/* Begin PBXProject section */
		D4F591CE259B2831007DF414 /* Project object */ = {
			isa = PBXProject;
			attributes = {
				LastSwiftUpdateCheck = 1230;
				LastUpgradeCheck = 1230;
				TargetAttributes = {
					D4F591D5259B2831007DF414 = {
						CreatedOnToolsVersion = 12.3;
					};
				};
			};
			buildConfigurationList = D4F591D1259B2831007DF414 /* Build configuration list for PBXProject "MyProject-7" */;
			compatibilityVersion = "Xcode 9.3";
			developmentRegion = en;
			hasScannedForEncodings = 0;
			knownRegions = (
				en,
				Base,
			);
			mainGroup = D4F591CD259B2831007DF414;
			productRefGroup = D4F591D7259B2831007DF414 /* Products */;
			projectDirPath = "";
			projectRoot = "";
			targets = (
				D4F591D5259B2831007DF414 /* MyProject-7 */,
			);
		};
/* End PBXProject section */

/* Begin PBXResourcesBuildPhase section */
		D4F591D4259B2831007DF414 /* Resources */ = {
			isa = PBXResourcesBuildPhase;
			buildActionMask = 2147483647;
			files = (
				D4F591F5259B29F7007DF414 /* BMDOHYEON.ttf in Resources */,
				D4F591E6259B2833007DF414 /* LaunchScreen.storyboard in Resources */,
				D4F591E3259B2833007DF414 /* Assets.xcassets in Resources */,
				D4F591E1259B2831007DF414 /* Main.storyboard in Resources */,
			);
			runOnlyForDeploymentPostprocessing = 0;
		};
/* End PBXResourcesBuildPhase section */

/* Begin PBXSourcesBuildPhase section */
		D4F591D2259B2831007DF414 /* Sources */ = {
			isa = PBXSourcesBuildPhase;
			buildActionMask = 2147483647;
			files = (
				D4F591DE259B2831007DF414 /* ViewController.swift in Sources */,
				D4F591DA259B2831007DF414 /* AppDelegate.swift in Sources */,
				D4F591DC259B2831007DF414 /* SceneDelegate.swift in Sources */,
				D4F591F2259B2867007DF414 /* SecondViewController.swift in Sources */,
				D4F591EF259B284E007DF414 /* TViewController.swift in Sources */,
				D488DBD825A5A81100B98482 /* PhotoViewController.swift in Sources */,
			);
			runOnlyForDeploymentPostprocessing = 0;
		};
/* End PBXSourcesBuildPhase section */

/* Begin PBXVariantGroup section */
		D4F591DF259B2831007DF414 /* Main.storyboard */ = {
			isa = PBXVariantGroup;
			children = (
				D4F591E0259B2831007DF414 /* Base */,
			);
			name = Main.storyboard;
			sourceTree = "<group>";
		};
		D4F591E4259B2833007DF414 /* LaunchScreen.storyboard */ = {
			isa = PBXVariantGroup;
			children = (
				D4F591E5259B2833007DF414 /* Base */,
			);
			name = LaunchScreen.storyboard;
			sourceTree = "<group>";
		};
/* End PBXVariantGroup section */

/* Begin XCBuildConfiguration section */
		D4F591E8259B2833007DF414 /* Debug */ = {
			isa = XCBuildConfiguration;
			buildSettings = {
				ALWAYS_SEARCH_USER_PATHS = NO;
				CLANG_ANALYZER_NONNULL = YES;
				CLANG_ANALYZER_NUMBER_OBJECT_CONVERSION = YES_AGGRESSIVE;
				CLANG_CXX_LANGUAGE_STANDARD = "gnu++14";
				CLANG_CXX_LIBRARY = "libc++";
				CLANG_ENABLE_MODULES = YES;
				CLANG_ENABLE_OBJC_ARC = YES;
				CLANG_ENABLE_OBJC_WEAK = YES;
				CLANG_WARN_BLOCK_CAPTURE_AUTORELEASING = YES;
				CLANG_WARN_BOOL_CONVERSION = YES;
				CLANG_WARN_COMMA = YES;
				CLANG_WARN_CONSTANT_CONVERSION = YES;
				CLANG_WARN_DEPRECATED_OBJC_IMPLEMENTATIONS = YES;
				CLANG_WARN_DIRECT_OBJC_ISA_USAGE = YES_ERROR;
				CLANG_WARN_DOCUMENTATION_COMMENTS = YES;
				CLANG_WARN_EMPTY_BODY = YES;
				CLANG_WARN_ENUM_CONVERSION = YES;
				CLANG_WARN_INFINITE_RECURSION = YES;
				CLANG_WARN_INT_CONVERSION = YES;
				CLANG_WARN_NON_LITERAL_NULL_CONVERSION = YES;
				CLANG_WARN_OBJC_IMPLICIT_RETAIN_SELF = YES;
				CLANG_WARN_OBJC_LITERAL_CONVERSION = YES;
				CLANG_WARN_OBJC_ROOT_CLASS = YES_ERROR;
				CLANG_WARN_QUOTED_INCLUDE_IN_FRAMEWORK_HEADER = YES;
				CLANG_WARN_RANGE_LOOP_ANALYSIS = YES;
				CLANG_WARN_STRICT_PROTOTYPES = YES;
				CLANG_WARN_SUSPICIOUS_MOVE = YES;
				CLANG_WARN_UNGUARDED_AVAILABILITY = YES_AGGRESSIVE;
				CLANG_WARN_UNREACHABLE_CODE = YES;
				CLANG_WARN__DUPLICATE_METHOD_MATCH = YES;
				COPY_PHASE_STRIP = NO;
				DEBUG_INFORMATION_FORMAT = dwarf;
				ENABLE_STRICT_OBJC_MSGSEND = YES;
				ENABLE_TESTABILITY = YES;
				GCC_C_LANGUAGE_STANDARD = gnu11;
				GCC_DYNAMIC_NO_PIC = NO;
				GCC_NO_COMMON_BLOCKS = YES;
				GCC_OPTIMIZATION_LEVEL = 0;
				GCC_PREPROCESSOR_DEFINITIONS = (
					"DEBUG=1",
					"$(inherited)",
				);
				GCC_WARN_64_TO_32_BIT_CONVERSION = YES;
				GCC_WARN_ABOUT_RETURN_TYPE = YES_ERROR;
				GCC_WARN_UNDECLARED_SELECTOR = YES;
				GCC_WARN_UNINITIALIZED_AUTOS = YES_AGGRESSIVE;
				GCC_WARN_UNUSED_FUNCTION = YES;
				GCC_WARN_UNUSED_VARIABLE = YES;
				IPHONEOS_DEPLOYMENT_TARGET = 14.3;
				MTL_ENABLE_DEBUG_INFO = INCLUDE_SOURCE;
				MTL_FAST_MATH = YES;
				ONLY_ACTIVE_ARCH = YES;
				SDKROOT = iphoneos;
				SWIFT_ACTIVE_COMPILATION_CONDITIONS = DEBUG;
				SWIFT_OPTIMIZATION_LEVEL = "-Onone";
			};
			name = Debug;
		};
		D4F591E9259B2833007DF414 /* Release */ = {
			isa = XCBuildConfiguration;
			buildSettings = {
				ALWAYS_SEARCH_USER_PATHS = NO;
				CLANG_ANALYZER_NONNULL = YES;
				CLANG_ANALYZER_NUMBER_OBJECT_CONVERSION = YES_AGGRESSIVE;
				CLANG_CXX_LANGUAGE_STANDARD = "gnu++14";
				CLANG_CXX_LIBRARY = "libc++";
				CLANG_ENABLE_MODULES = YES;
				CLANG_ENABLE_OBJC_ARC = YES;
				CLANG_ENABLE_OBJC_WEAK = YES;
				CLANG_WARN_BLOCK_CAPTURE_AUTORELEASING = YES;
				CLANG_WARN_BOOL_CONVERSION = YES;
				CLANG_WARN_COMMA = YES;
				CLANG_WARN_CONSTANT_CONVERSION = YES;
				CLANG_WARN_DEPRECATED_OBJC_IMPLEMENTATIONS = YES;
				CLANG_WARN_DIRECT_OBJC_ISA_USAGE = YES_ERROR;
				CLANG_WARN_DOCUMENTATION_COMMENTS = YES;
				CLANG_WARN_EMPTY_BODY = YES;
				CLANG_WARN_ENUM_CONVERSION = YES;
				CLANG_WARN_INFINITE_RECURSION = YES;
				CLANG_WARN_INT_CONVERSION = YES;
				CLANG_WARN_NON_LITERAL_NULL_CONVERSION = YES;
				CLANG_WARN_OBJC_IMPLICIT_RETAIN_SELF = YES;
				CLANG_WARN_OBJC_LITERAL_CONVERSION = YES;
				CLANG_WARN_OBJC_ROOT_CLASS = YES_ERROR;
				CLANG_WARN_QUOTED_INCLUDE_IN_FRAMEWORK_HEADER = YES;
				CLANG_WARN_RANGE_LOOP_ANALYSIS = YES;
				CLANG_WARN_STRICT_PROTOTYPES = YES;
				CLANG_WARN_SUSPICIOUS_MOVE = YES;
				CLANG_WARN_UNGUARDED_AVAILABILITY = YES_AGGRESSIVE;
				CLANG_WARN_UNREACHABLE_CODE = YES;
				CLANG_WARN__DUPLICATE_METHOD_MATCH = YES;
				COPY_PHASE_STRIP = NO;
				DEBUG_INFORMATION_FORMAT = "dwarf-with-dsym";
				ENABLE_NS_ASSERTIONS = NO;
				ENABLE_STRICT_OBJC_MSGSEND = YES;
				GCC_C_LANGUAGE_STANDARD = gnu11;
				GCC_NO_COMMON_BLOCKS = YES;
				GCC_WARN_64_TO_32_BIT_CONVERSION = YES;
				GCC_WARN_ABOUT_RETURN_TYPE = YES_ERROR;
				GCC_WARN_UNDECLARED_SELECTOR = YES;
				GCC_WARN_UNINITIALIZED_AUTOS = YES_AGGRESSIVE;
				GCC_WARN_UNUSED_FUNCTION = YES;
				GCC_WARN_UNUSED_VARIABLE = YES;
				IPHONEOS_DEPLOYMENT_TARGET = 14.3;
				MTL_ENABLE_DEBUG_INFO = NO;
				MTL_FAST_MATH = YES;
				SDKROOT = iphoneos;
				SWIFT_COMPILATION_MODE = wholemodule;
				SWIFT_OPTIMIZATION_LEVEL = "-O";
				VALIDATE_PRODUCT = YES;
			};
			name = Release;
		};
		D4F591EB259B2833007DF414 /* Debug */ = {
			isa = XCBuildConfiguration;
			buildSettings = {
				ASSETCATALOG_COMPILER_APPICON_NAME = AppIcon;
				ASSETCATALOG_COMPILER_GLOBAL_ACCENT_COLOR_NAME = AccentColor;
				CODE_SIGN_STYLE = Automatic;
				DEVELOPMENT_TEAM = 9B46SWWQX5;
				INFOPLIST_FILE = "MyProject-7/Info.plist";
				IPHONEOS_DEPLOYMENT_TARGET = 14.0;
				LD_RUNPATH_SEARCH_PATHS = (
					"$(inherited)",
					"@executable_path/Frameworks",
				);
				PRODUCT_BUNDLE_IDENTIFIER = "leeyoonsu.MyProject-7";
				PRODUCT_NAME = "$(TARGET_NAME)";
				SWIFT_VERSION = 5.0;
				TARGETED_DEVICE_FAMILY = "1,2";
			};
			name = Debug;
		};
		D4F591EC259B2833007DF414 /* Release */ = {
			isa = XCBuildConfiguration;
			buildSettings = {
				ASSETCATALOG_COMPILER_APPICON_NAME = AppIcon;
				ASSETCATALOG_COMPILER_GLOBAL_ACCENT_COLOR_NAME = AccentColor;
				CODE_SIGN_STYLE = Automatic;
				DEVELOPMENT_TEAM = 9B46SWWQX5;
				INFOPLIST_FILE = "MyProject-7/Info.plist";
				IPHONEOS_DEPLOYMENT_TARGET = 14.0;
				LD_RUNPATH_SEARCH_PATHS = (
					"$(inherited)",
					"@executable_path/Frameworks",
				);
				PRODUCT_BUNDLE_IDENTIFIER = "leeyoonsu.MyProject-7";
				PRODUCT_NAME = "$(TARGET_NAME)";
				SWIFT_VERSION = 5.0;
				TARGETED_DEVICE_FAMILY = "1,2";
			};
			name = Release;
		};
/* End XCBuildConfiguration section */

/* Begin XCConfigurationList section */
		D4F591D1259B2831007DF414 /* Build configuration list for PBXProject "MyProject-7" */ = {
			isa = XCConfigurationList;
			buildConfigurations = (
				D4F591E8259B2833007DF414 /* Debug */,
				D4F591E9259B2833007DF414 /* Release */,
			);
			defaultConfigurationIsVisible = 0;
			defaultConfigurationName = Release;
		};
		D4F591EA259B2833007DF414 /* Build configuration list for PBXNativeTarget "MyProject-7" */ = {
			isa = XCConfigurationList;
			buildConfigurations = (
				D4F591EB259B2833007DF414 /* Debug */,
				D4F591EC259B2833007DF414 /* Release */,
			);
			defaultConfigurationIsVisible = 0;
			defaultConfigurationName = Release;
		};
/* End XCConfigurationList section */
	};
	rootObject = D4F591CE259B2831007DF414 /* Project object */;
}
