// !$*UTF8*$!
{
	archiveVersion = 1;
	classes = {
	};
	objectVersion = 50;
	objects = {

/* Begin PBXBuildFile section */
		D4605718253FFA1F003CF8DA /* AppDelegate.swift in Sources */ = {isa = PBXBuildFile; fileRef = D4605717253FFA1F003CF8DA /* AppDelegate.swift */; };
		D460571A253FFA1F003CF8DA /* SceneDelegate.swift in Sources */ = {isa = PBXBuildFile; fileRef = D4605719253FFA1F003CF8DA /* SceneDelegate.swift */; };
		D460571C253FFA1F003CF8DA /* ViewController.swift in Sources */ = {isa = PBXBuildFile; fileRef = D460571B253FFA1F003CF8DA /* ViewController.swift */; };
		D460571F253FFA1F003CF8DA /* Main.storyboard in Resources */ = {isa = PBXBuildFile; fileRef = D460571D253FFA1F003CF8DA /* Main.storyboard */; };
		D4605721253FFA22003CF8DA /* Assets.xcassets in Resources */ = {isa = PBXBuildFile; fileRef = D4605720253FFA22003CF8DA /* Assets.xcassets */; };
		D4605724253FFA22003CF8DA /* LaunchScreen.storyboard in Resources */ = {isa = PBXBuildFile; fileRef = D4605722253FFA22003CF8DA /* LaunchScreen.storyboard */; };
		D460572F253FFA22003CF8DA /* Scene_ManualSegueTests.swift in Sources */ = {isa = PBXBuildFile; fileRef = D460572E253FFA22003CF8DA /* Scene_ManualSegueTests.swift */; };
		D460573A253FFA22003CF8DA /* Scene_ManualSegueUITests.swift in Sources */ = {isa = PBXBuildFile; fileRef = D4605739253FFA22003CF8DA /* Scene_ManualSegueUITests.swift */; };
/* End PBXBuildFile section */

/* Begin PBXContainerItemProxy section */
		D460572B253FFA22003CF8DA /* PBXContainerItemProxy */ = {
			isa = PBXContainerItemProxy;
			containerPortal = D460570C253FFA1F003CF8DA /* Project object */;
			proxyType = 1;
			remoteGlobalIDString = D4605713253FFA1F003CF8DA;
			remoteInfo = "Scene-ManualSegue";
		};
		D4605736253FFA22003CF8DA /* PBXContainerItemProxy */ = {
			isa = PBXContainerItemProxy;
			containerPortal = D460570C253FFA1F003CF8DA /* Project object */;
			proxyType = 1;
			remoteGlobalIDString = D4605713253FFA1F003CF8DA;
			remoteInfo = "Scene-ManualSegue";
		};
/* End PBXContainerItemProxy section */

/* Begin PBXFileReference section */
		D4605714253FFA1F003CF8DA /* Scene-ManualSegue.app */ = {isa = PBXFileReference; explicitFileType = wrapper.application; includeInIndex = 0; path = "Scene-ManualSegue.app"; sourceTree = BUILT_PRODUCTS_DIR; };
		D4605717253FFA1F003CF8DA /* AppDelegate.swift */ = {isa = PBXFileReference; lastKnownFileType = sourcecode.swift; path = AppDelegate.swift; sourceTree = "<group>"; };
		D4605719253FFA1F003CF8DA /* SceneDelegate.swift */ = {isa = PBXFileReference; lastKnownFileType = sourcecode.swift; path = SceneDelegate.swift; sourceTree = "<group>"; };
		D460571B253FFA1F003CF8DA /* ViewController.swift */ = {isa = PBXFileReference; lastKnownFileType = sourcecode.swift; path = ViewController.swift; sourceTree = "<group>"; };
		D460571E253FFA1F003CF8DA /* Base */ = {isa = PBXFileReference; lastKnownFileType = file.storyboard; name = Base; path = Base.lproj/Main.storyboard; sourceTree = "<group>"; };
		D4605720253FFA22003CF8DA /* Assets.xcassets */ = {isa = PBXFileReference; lastKnownFileType = folder.assetcatalog; path = Assets.xcassets; sourceTree = "<group>"; };
		D4605723253FFA22003CF8DA /* Base */ = {isa = PBXFileReference; lastKnownFileType = file.storyboard; name = Base; path = Base.lproj/LaunchScreen.storyboard; sourceTree = "<group>"; };
		D4605725253FFA22003CF8DA /* Info.plist */ = {isa = PBXFileReference; lastKnownFileType = text.plist.xml; path = Info.plist; sourceTree = "<group>"; };
		D460572A253FFA22003CF8DA /* Scene-ManualSegueTests.xctest */ = {isa = PBXFileReference; explicitFileType = wrapper.cfbundle; includeInIndex = 0; path = "Scene-ManualSegueTests.xctest"; sourceTree = BUILT_PRODUCTS_DIR; };
		D460572E253FFA22003CF8DA /* Scene_ManualSegueTests.swift */ = {isa = PBXFileReference; lastKnownFileType = sourcecode.swift; path = Scene_ManualSegueTests.swift; sourceTree = "<group>"; };
		D4605730253FFA22003CF8DA /* Info.plist */ = {isa = PBXFileReference; lastKnownFileType = text.plist.xml; path = Info.plist; sourceTree = "<group>"; };
		D4605735253FFA22003CF8DA /* Scene-ManualSegueUITests.xctest */ = {isa = PBXFileReference; explicitFileType = wrapper.cfbundle; includeInIndex = 0; path = "Scene-ManualSegueUITests.xctest"; sourceTree = BUILT_PRODUCTS_DIR; };
		D4605739253FFA22003CF8DA /* Scene_ManualSegueUITests.swift */ = {isa = PBXFileReference; lastKnownFileType = sourcecode.swift; path = Scene_ManualSegueUITests.swift; sourceTree = "<group>"; };
		D460573B253FFA22003CF8DA /* Info.plist */ = {isa = PBXFileReference; lastKnownFileType = text.plist.xml; path = Info.plist; sourceTree = "<group>"; };
/* End PBXFileReference section */

/* Begin PBXFrameworksBuildPhase section */
		D4605711253FFA1F003CF8DA /* Frameworks */ = {
			isa = PBXFrameworksBuildPhase;
			buildActionMask = 2147483647;
			files = (
			);
			runOnlyForDeploymentPostprocessing = 0;
		};
		D4605727253FFA22003CF8DA /* Frameworks */ = {
			isa = PBXFrameworksBuildPhase;
			buildActionMask = 2147483647;
			files = (
			);
			runOnlyForDeploymentPostprocessing = 0;
		};
		D4605732253FFA22003CF8DA /* Frameworks */ = {
			isa = PBXFrameworksBuildPhase;
			buildActionMask = 2147483647;
			files = (
			);
			runOnlyForDeploymentPostprocessing = 0;
		};
/* End PBXFrameworksBuildPhase section */

/* Begin PBXGroup section */
		D460570B253FFA1F003CF8DA = {
			isa = PBXGroup;
			children = (
				D4605716253FFA1F003CF8DA /* Scene-ManualSegue */,
				D460572D253FFA22003CF8DA /* Scene-ManualSegueTests */,
				D4605738253FFA22003CF8DA /* Scene-ManualSegueUITests */,
				D4605715253FFA1F003CF8DA /* Products */,
			);
			sourceTree = "<group>";
		};
		D4605715253FFA1F003CF8DA /* Products */ = {
			isa = PBXGroup;
			children = (
				D4605714253FFA1F003CF8DA /* Scene-ManualSegue.app */,
				D460572A253FFA22003CF8DA /* Scene-ManualSegueTests.xctest */,
				D4605735253FFA22003CF8DA /* Scene-ManualSegueUITests.xctest */,
			);
			name = Products;
			sourceTree = "<group>";
		};
		D4605716253FFA1F003CF8DA /* Scene-ManualSegue */ = {
			isa = PBXGroup;
			children = (
				D4605717253FFA1F003CF8DA /* AppDelegate.swift */,
				D4605719253FFA1F003CF8DA /* SceneDelegate.swift */,
				D460571B253FFA1F003CF8DA /* ViewController.swift */,
				D460571D253FFA1F003CF8DA /* Main.storyboard */,
				D4605720253FFA22003CF8DA /* Assets.xcassets */,
				D4605722253FFA22003CF8DA /* LaunchScreen.storyboard */,
				D4605725253FFA22003CF8DA /* Info.plist */,
			);
			path = "Scene-ManualSegue";
			sourceTree = "<group>";
		};
		D460572D253FFA22003CF8DA /* Scene-ManualSegueTests */ = {
			isa = PBXGroup;
			children = (
				D460572E253FFA22003CF8DA /* Scene_ManualSegueTests.swift */,
				D4605730253FFA22003CF8DA /* Info.plist */,
			);
			path = "Scene-ManualSegueTests";
			sourceTree = "<group>";
		};
		D4605738253FFA22003CF8DA /* Scene-ManualSegueUITests */ = {
			isa = PBXGroup;
			children = (
				D4605739253FFA22003CF8DA /* Scene_ManualSegueUITests.swift */,
				D460573B253FFA22003CF8DA /* Info.plist */,
			);
			path = "Scene-ManualSegueUITests";
			sourceTree = "<group>";
		};
/* End PBXGroup section */

/* Begin PBXNativeTarget section */
		D4605713253FFA1F003CF8DA /* Scene-ManualSegue */ = {
			isa = PBXNativeTarget;
			buildConfigurationList = D460573E253FFA22003CF8DA /* Build configuration list for PBXNativeTarget "Scene-ManualSegue" */;
			buildPhases = (
				D4605710253FFA1F003CF8DA /* Sources */,
				D4605711253FFA1F003CF8DA /* Frameworks */,
				D4605712253FFA1F003CF8DA /* Resources */,
			);
			buildRules = (
			);
			dependencies = (
			);
			name = "Scene-ManualSegue";
			productName = "Scene-ManualSegue";
			productReference = D4605714253FFA1F003CF8DA /* Scene-ManualSegue.app */;
			productType = "com.apple.product-type.application";
		};
		D4605729253FFA22003CF8DA /* Scene-ManualSegueTests */ = {
			isa = PBXNativeTarget;
			buildConfigurationList = D4605741253FFA22003CF8DA /* Build configuration list for PBXNativeTarget "Scene-ManualSegueTests" */;
			buildPhases = (
				D4605726253FFA22003CF8DA /* Sources */,
				D4605727253FFA22003CF8DA /* Frameworks */,
				D4605728253FFA22003CF8DA /* Resources */,
			);
			buildRules = (
			);
			dependencies = (
				D460572C253FFA22003CF8DA /* PBXTargetDependency */,
			);
			name = "Scene-ManualSegueTests";
			productName = "Scene-ManualSegueTests";
			productReference = D460572A253FFA22003CF8DA /* Scene-ManualSegueTests.xctest */;
			productType = "com.apple.product-type.bundle.unit-test";
		};
		D4605734253FFA22003CF8DA /* Scene-ManualSegueUITests */ = {
			isa = PBXNativeTarget;
			buildConfigurationList = D4605744253FFA22003CF8DA /* Build configuration list for PBXNativeTarget "Scene-ManualSegueUITests" */;
			buildPhases = (
				D4605731253FFA22003CF8DA /* Sources */,
				D4605732253FFA22003CF8DA /* Frameworks */,
				D4605733253FFA22003CF8DA /* Resources */,
			);
			buildRules = (
			);
			dependencies = (
				D4605737253FFA22003CF8DA /* PBXTargetDependency */,
			);
			name = "Scene-ManualSegueUITests";
			productName = "Scene-ManualSegueUITests";
			productReference = D4605735253FFA22003CF8DA /* Scene-ManualSegueUITests.xctest */;
			productType = "com.apple.product-type.bundle.ui-testing";
		};
/* End PBXNativeTarget section */

/* Begin PBXProject section */
		D460570C253FFA1F003CF8DA /* Project object */ = {
			isa = PBXProject;
			attributes = {
				LastSwiftUpdateCheck = 1170;
				LastUpgradeCheck = 1170;
				ORGANIZATIONNAME = "이윤수";
				TargetAttributes = {
					D4605713253FFA1F003CF8DA = {
						CreatedOnToolsVersion = 11.7;
					};
					D4605729253FFA22003CF8DA = {
						CreatedOnToolsVersion = 11.7;
						TestTargetID = D4605713253FFA1F003CF8DA;
					};
					D4605734253FFA22003CF8DA = {
						CreatedOnToolsVersion = 11.7;
						TestTargetID = D4605713253FFA1F003CF8DA;
					};
				};
			};
			buildConfigurationList = D460570F253FFA1F003CF8DA /* Build configuration list for PBXProject "Scene-ManualSegue" */;
			compatibilityVersion = "Xcode 9.3";
			developmentRegion = en;
			hasScannedForEncodings = 0;
			knownRegions = (
				en,
				Base,
			);
			mainGroup = D460570B253FFA1F003CF8DA;
			productRefGroup = D4605715253FFA1F003CF8DA /* Products */;
			projectDirPath = "";
			projectRoot = "";
			targets = (
				D4605713253FFA1F003CF8DA /* Scene-ManualSegue */,
				D4605729253FFA22003CF8DA /* Scene-ManualSegueTests */,
				D4605734253FFA22003CF8DA /* Scene-ManualSegueUITests */,
			);
		};
/* End PBXProject section */

/* Begin PBXResourcesBuildPhase section */
		D4605712253FFA1F003CF8DA /* Resources */ = {
			isa = PBXResourcesBuildPhase;
			buildActionMask = 2147483647;
			files = (
				D4605724253FFA22003CF8DA /* LaunchScreen.storyboard in Resources */,
				D4605721253FFA22003CF8DA /* Assets.xcassets in Resources */,
				D460571F253FFA1F003CF8DA /* Main.storyboard in Resources */,
			);
			runOnlyForDeploymentPostprocessing = 0;
		};
		D4605728253FFA22003CF8DA /* Resources */ = {
			isa = PBXResourcesBuildPhase;
			buildActionMask = 2147483647;
			files = (
			);
			runOnlyForDeploymentPostprocessing = 0;
		};
		D4605733253FFA22003CF8DA /* Resources */ = {
			isa = PBXResourcesBuildPhase;
			buildActionMask = 2147483647;
			files = (
			);
			runOnlyForDeploymentPostprocessing = 0;
		};
/* End PBXResourcesBuildPhase section */

/* Begin PBXSourcesBuildPhase section */
		D4605710253FFA1F003CF8DA /* Sources */ = {
			isa = PBXSourcesBuildPhase;
			buildActionMask = 2147483647;
			files = (
				D460571C253FFA1F003CF8DA /* ViewController.swift in Sources */,
				D4605718253FFA1F003CF8DA /* AppDelegate.swift in Sources */,
				D460571A253FFA1F003CF8DA /* SceneDelegate.swift in Sources */,
			);
			runOnlyForDeploymentPostprocessing = 0;
		};
		D4605726253FFA22003CF8DA /* Sources */ = {
			isa = PBXSourcesBuildPhase;
			buildActionMask = 2147483647;
			files = (
				D460572F253FFA22003CF8DA /* Scene_ManualSegueTests.swift in Sources */,
			);
			runOnlyForDeploymentPostprocessing = 0;
		};
		D4605731253FFA22003CF8DA /* Sources */ = {
			isa = PBXSourcesBuildPhase;
			buildActionMask = 2147483647;
			files = (
				D460573A253FFA22003CF8DA /* Scene_ManualSegueUITests.swift in Sources */,
			);
			runOnlyForDeploymentPostprocessing = 0;
		};
/* End PBXSourcesBuildPhase section */

/* Begin PBXTargetDependency section */
		D460572C253FFA22003CF8DA /* PBXTargetDependency */ = {
			isa = PBXTargetDependency;
			target = D4605713253FFA1F003CF8DA /* Scene-ManualSegue */;
			targetProxy = D460572B253FFA22003CF8DA /* PBXContainerItemProxy */;
		};
		D4605737253FFA22003CF8DA /* PBXTargetDependency */ = {
			isa = PBXTargetDependency;
			target = D4605713253FFA1F003CF8DA /* Scene-ManualSegue */;
			targetProxy = D4605736253FFA22003CF8DA /* PBXContainerItemProxy */;
		};
/* End PBXTargetDependency section */

/* Begin PBXVariantGroup section */
		D460571D253FFA1F003CF8DA /* Main.storyboard */ = {
			isa = PBXVariantGroup;
			children = (
				D460571E253FFA1F003CF8DA /* Base */,
			);
			name = Main.storyboard;
			sourceTree = "<group>";
		};
		D4605722253FFA22003CF8DA /* LaunchScreen.storyboard */ = {
			isa = PBXVariantGroup;
			children = (
				D4605723253FFA22003CF8DA /* Base */,
			);
			name = LaunchScreen.storyboard;
			sourceTree = "<group>";
		};
/* End PBXVariantGroup section */

/* Begin XCBuildConfiguration section */
		D460573C253FFA22003CF8DA /* Debug */ = {
			isa = XCBuildConfiguration;
			buildSettings = {
				ALWAYS_SEARCH_USER_PATHS = NO;
				CLANG_ANALYZER_NONNULL = YES;
				CLANG_ANALYZER_NUMBER_OBJECT_CONVERSION = YES_AGGRESSIVE;
				CLANG_CXX_LANGUAGE_STANDARD = "gnu++14";
				CLANG_CXX_LIBRARY = "libc++";
				CLANG_ENABLE_MODULES = YES;
				CLANG_ENABLE_OBJC_ARC = YES;
				CLANG_ENABLE_OBJC_WEAK = YES;
				CLANG_WARN_BLOCK_CAPTURE_AUTORELEASING = YES;
				CLANG_WARN_BOOL_CONVERSION = YES;
				CLANG_WARN_COMMA = YES;
				CLANG_WARN_CONSTANT_CONVERSION = YES;
				CLANG_WARN_DEPRECATED_OBJC_IMPLEMENTATIONS = YES;
				CLANG_WARN_DIRECT_OBJC_ISA_USAGE = YES_ERROR;
				CLANG_WARN_DOCUMENTATION_COMMENTS = YES;
				CLANG_WARN_EMPTY_BODY = YES;
				CLANG_WARN_ENUM_CONVERSION = YES;
				CLANG_WARN_INFINITE_RECURSION = YES;
				CLANG_WARN_INT_CONVERSION = YES;
				CLANG_WARN_NON_LITERAL_NULL_CONVERSION = YES;
				CLANG_WARN_OBJC_IMPLICIT_RETAIN_SELF = YES;
				CLANG_WARN_OBJC_LITERAL_CONVERSION = YES;
				CLANG_WARN_OBJC_ROOT_CLASS = YES_ERROR;
				CLANG_WARN_RANGE_LOOP_ANALYSIS = YES;
				CLANG_WARN_STRICT_PROTOTYPES = YES;
				CLANG_WARN_SUSPICIOUS_MOVE = YES;
				CLANG_WARN_UNGUARDED_AVAILABILITY = YES_AGGRESSIVE;
				CLANG_WARN_UNREACHABLE_CODE = YES;
				CLANG_WARN__DUPLICATE_METHOD_MATCH = YES;
				COPY_PHASE_STRIP = NO;
				DEBUG_INFORMATION_FORMAT = dwarf;
				ENABLE_STRICT_OBJC_MSGSEND = YES;
				ENABLE_TESTABILITY = YES;
				GCC_C_LANGUAGE_STANDARD = gnu11;
				GCC_DYNAMIC_NO_PIC = NO;
				GCC_NO_COMMON_BLOCKS = YES;
				GCC_OPTIMIZATION_LEVEL = 0;
				GCC_PREPROCESSOR_DEFINITIONS = (
					"DEBUG=1",
					"$(inherited)",
				);
				GCC_WARN_64_TO_32_BIT_CONVERSION = YES;
				GCC_WARN_ABOUT_RETURN_TYPE = YES_ERROR;
				GCC_WARN_UNDECLARED_SELECTOR = YES;
				GCC_WARN_UNINITIALIZED_AUTOS = YES_AGGRESSIVE;
				GCC_WARN_UNUSED_FUNCTION = YES;
				GCC_WARN_UNUSED_VARIABLE = YES;
				IPHONEOS_DEPLOYMENT_TARGET = 13.7;
				MTL_ENABLE_DEBUG_INFO = INCLUDE_SOURCE;
				MTL_FAST_MATH = YES;
				ONLY_ACTIVE_ARCH = YES;
				SDKROOT = iphoneos;
				SWIFT_ACTIVE_COMPILATION_CONDITIONS = DEBUG;
				SWIFT_OPTIMIZATION_LEVEL = "-Onone";
			};
			name = Debug;
		};
		D460573D253FFA22003CF8DA /* Release */ = {
			isa = XCBuildConfiguration;
			buildSettings = {
				ALWAYS_SEARCH_USER_PATHS = NO;
				CLANG_ANALYZER_NONNULL = YES;
				CLANG_ANALYZER_NUMBER_OBJECT_CONVERSION = YES_AGGRESSIVE;
				CLANG_CXX_LANGUAGE_STANDARD = "gnu++14";
				CLANG_CXX_LIBRARY = "libc++";
				CLANG_ENABLE_MODULES = YES;
				CLANG_ENABLE_OBJC_ARC = YES;
				CLANG_ENABLE_OBJC_WEAK = YES;
				CLANG_WARN_BLOCK_CAPTURE_AUTORELEASING = YES;
				CLANG_WARN_BOOL_CONVERSION = YES;
				CLANG_WARN_COMMA = YES;
				CLANG_WARN_CONSTANT_CONVERSION = YES;
				CLANG_WARN_DEPRECATED_OBJC_IMPLEMENTATIONS = YES;
				CLANG_WARN_DIRECT_OBJC_ISA_USAGE = YES_ERROR;
				CLANG_WARN_DOCUMENTATION_COMMENTS = YES;
				CLANG_WARN_EMPTY_BODY = YES;
				CLANG_WARN_ENUM_CONVERSION = YES;
				CLANG_WARN_INFINITE_RECURSION = YES;
				CLANG_WARN_INT_CONVERSION = YES;
				CLANG_WARN_NON_LITERAL_NULL_CONVERSION = YES;
				CLANG_WARN_OBJC_IMPLICIT_RETAIN_SELF = YES;
				CLANG_WARN_OBJC_LITERAL_CONVERSION = YES;
				CLANG_WARN_OBJC_ROOT_CLASS = YES_ERROR;
				CLANG_WARN_RANGE_LOOP_ANALYSIS = YES;
				CLANG_WARN_STRICT_PROTOTYPES = YES;
				CLANG_WARN_SUSPICIOUS_MOVE = YES;
				CLANG_WARN_UNGUARDED_AVAILABILITY = YES_AGGRESSIVE;
				CLANG_WARN_UNREACHABLE_CODE = YES;
				CLANG_WARN__DUPLICATE_METHOD_MATCH = YES;
				COPY_PHASE_STRIP = NO;
				DEBUG_INFORMATION_FORMAT = "dwarf-with-dsym";
				ENABLE_NS_ASSERTIONS = NO;
				ENABLE_STRICT_OBJC_MSGSEND = YES;
				GCC_C_LANGUAGE_STANDARD = gnu11;
				GCC_NO_COMMON_BLOCKS = YES;
				GCC_WARN_64_TO_32_BIT_CONVERSION = YES;
				GCC_WARN_ABOUT_RETURN_TYPE = YES_ERROR;
				GCC_WARN_UNDECLARED_SELECTOR = YES;
				GCC_WARN_UNINITIALIZED_AUTOS = YES_AGGRESSIVE;
				GCC_WARN_UNUSED_FUNCTION = YES;
				GCC_WARN_UNUSED_VARIABLE = YES;
				IPHONEOS_DEPLOYMENT_TARGET = 13.7;
				MTL_ENABLE_DEBUG_INFO = NO;
				MTL_FAST_MATH = YES;
				SDKROOT = iphoneos;
				SWIFT_COMPILATION_MODE = wholemodule;
				SWIFT_OPTIMIZATION_LEVEL = "-O";
				VALIDATE_PRODUCT = YES;
			};
			name = Release;
		};
		D460573F253FFA22003CF8DA /* Debug */ = {
			isa = XCBuildConfiguration;
			buildSettings = {
				ASSETCATALOG_COMPILER_APPICON_NAME = AppIcon;
				CODE_SIGN_STYLE = Automatic;
				INFOPLIST_FILE = "Scene-ManualSegue/Info.plist";
				LD_RUNPATH_SEARCH_PATHS = (
					"$(inherited)",
					"@executable_path/Frameworks",
				);
				PRODUCT_BUNDLE_IDENTIFIER = "LeeYoonSu.Scene-ManualSegue";
				PRODUCT_NAME = "$(TARGET_NAME)";
				SWIFT_VERSION = 5.0;
				TARGETED_DEVICE_FAMILY = 1;
			};
			name = Debug;
		};
		D4605740253FFA22003CF8DA /* Release */ = {
			isa = XCBuildConfiguration;
			buildSettings = {
				ASSETCATALOG_COMPILER_APPICON_NAME = AppIcon;
				CODE_SIGN_STYLE = Automatic;
				INFOPLIST_FILE = "Scene-ManualSegue/Info.plist";
				LD_RUNPATH_SEARCH_PATHS = (
					"$(inherited)",
					"@executable_path/Frameworks",
				);
				PRODUCT_BUNDLE_IDENTIFIER = "LeeYoonSu.Scene-ManualSegue";
				PRODUCT_NAME = "$(TARGET_NAME)";
				SWIFT_VERSION = 5.0;
				TARGETED_DEVICE_FAMILY = 1;
			};
			name = Release;
		};
		D4605742253FFA22003CF8DA /* Debug */ = {
			isa = XCBuildConfiguration;
			buildSettings = {
				ALWAYS_EMBED_SWIFT_STANDARD_LIBRARIES = YES;
				BUNDLE_LOADER = "$(TEST_HOST)";
				CODE_SIGN_STYLE = Automatic;
				INFOPLIST_FILE = "Scene-ManualSegueTests/Info.plist";
				IPHONEOS_DEPLOYMENT_TARGET = 13.7;
				LD_RUNPATH_SEARCH_PATHS = (
					"$(inherited)",
					"@executable_path/Frameworks",
					"@loader_path/Frameworks",
				);
				PRODUCT_BUNDLE_IDENTIFIER = "LeeYoonSu.Scene-ManualSegueTests";
				PRODUCT_NAME = "$(TARGET_NAME)";
				SWIFT_VERSION = 5.0;
				TARGETED_DEVICE_FAMILY = "1,2";
				TEST_HOST = "$(BUILT_PRODUCTS_DIR)/Scene-ManualSegue.app/Scene-ManualSegue";
			};
			name = Debug;
		};
		D4605743253FFA22003CF8DA /* Release */ = {
			isa = XCBuildConfiguration;
			buildSettings = {
				ALWAYS_EMBED_SWIFT_STANDARD_LIBRARIES = YES;
				BUNDLE_LOADER = "$(TEST_HOST)";
				CODE_SIGN_STYLE = Automatic;
				INFOPLIST_FILE = "Scene-ManualSegueTests/Info.plist";
				IPHONEOS_DEPLOYMENT_TARGET = 13.7;
				LD_RUNPATH_SEARCH_PATHS = (
					"$(inherited)",
					"@executable_path/Frameworks",
					"@loader_path/Frameworks",
				);
				PRODUCT_BUNDLE_IDENTIFIER = "LeeYoonSu.Scene-ManualSegueTests";
				PRODUCT_NAME = "$(TARGET_NAME)";
				SWIFT_VERSION = 5.0;
				TARGETED_DEVICE_FAMILY = "1,2";
				TEST_HOST = "$(BUILT_PRODUCTS_DIR)/Scene-ManualSegue.app/Scene-ManualSegue";
			};
			name = Release;
		};
		D4605745253FFA22003CF8DA /* Debug */ = {
			isa = XCBuildConfiguration;
			buildSettings = {
				ALWAYS_EMBED_SWIFT_STANDARD_LIBRARIES = YES;
				CODE_SIGN_STYLE = Automatic;
				INFOPLIST_FILE = "Scene-ManualSegueUITests/Info.plist";
				LD_RUNPATH_SEARCH_PATHS = (
					"$(inherited)",
					"@executable_path/Frameworks",
					"@loader_path/Frameworks",
				);
				PRODUCT_BUNDLE_IDENTIFIER = "LeeYoonSu.Scene-ManualSegueUITests";
				PRODUCT_NAME = "$(TARGET_NAME)";
				SWIFT_VERSION = 5.0;
				TARGETED_DEVICE_FAMILY = "1,2";
				TEST_TARGET_NAME = "Scene-ManualSegue";
			};
			name = Debug;
		};
		D4605746253FFA22003CF8DA /* Release */ = {
			isa = XCBuildConfiguration;
			buildSettings = {
				ALWAYS_EMBED_SWIFT_STANDARD_LIBRARIES = YES;
				CODE_SIGN_STYLE = Automatic;
				INFOPLIST_FILE = "Scene-ManualSegueUITests/Info.plist";
				LD_RUNPATH_SEARCH_PATHS = (
					"$(inherited)",
					"@executable_path/Frameworks",
					"@loader_path/Frameworks",
				);
				PRODUCT_BUNDLE_IDENTIFIER = "LeeYoonSu.Scene-ManualSegueUITests";
				PRODUCT_NAME = "$(TARGET_NAME)";
				SWIFT_VERSION = 5.0;
				TARGETED_DEVICE_FAMILY = "1,2";
				TEST_TARGET_NAME = "Scene-ManualSegue";
			};
			name = Release;
		};
/* End XCBuildConfiguration section */

/* Begin XCConfigurationList section */
		D460570F253FFA1F003CF8DA /* Build configuration list for PBXProject "Scene-ManualSegue" */ = {
			isa = XCConfigurationList;
			buildConfigurations = (
				D460573C253FFA22003CF8DA /* Debug */,
				D460573D253FFA22003CF8DA /* Release */,
			);
			defaultConfigurationIsVisible = 0;
			defaultConfigurationName = Release;
		};
		D460573E253FFA22003CF8DA /* Build configuration list for PBXNativeTarget "Scene-ManualSegue" */ = {
			isa = XCConfigurationList;
			buildConfigurations = (
				D460573F253FFA22003CF8DA /* Debug */,
				D4605740253FFA22003CF8DA /* Release */,
			);
			defaultConfigurationIsVisible = 0;
			defaultConfigurationName = Release;
		};
		D4605741253FFA22003CF8DA /* Build configuration list for PBXNativeTarget "Scene-ManualSegueTests" */ = {
			isa = XCConfigurationList;
			buildConfigurations = (
				D4605742253FFA22003CF8DA /* Debug */,
				D4605743253FFA22003CF8DA /* Release */,
			);
			defaultConfigurationIsVisible = 0;
			defaultConfigurationName = Release;
		};
		D4605744253FFA22003CF8DA /* Build configuration list for PBXNativeTarget "Scene-ManualSegueUITests" */ = {
			isa = XCConfigurationList;
			buildConfigurations = (
				D4605745253FFA22003CF8DA /* Debug */,
				D4605746253FFA22003CF8DA /* Release */,
			);
			defaultConfigurationIsVisible = 0;
			defaultConfigurationName = Release;
		};
/* End XCConfigurationList section */
	};
	rootObject = D460570C253FFA1F003CF8DA /* Project object */;
}
