// !$*UTF8*$!
{
	archiveVersion = 1;
	classes = {
	};
	objectVersion = 50;
	objects = {

/* Begin PBXBuildFile section */
		D425DDA425F896C100CF5005 /* AppDelegate.swift in Sources */ = {isa = PBXBuildFile; fileRef = D425DDA325F896C100CF5005 /* AppDelegate.swift */; };
		D425DDA625F896C100CF5005 /* SceneDelegate.swift in Sources */ = {isa = PBXBuildFile; fileRef = D425DDA525F896C100CF5005 /* SceneDelegate.swift */; };
		D425DDA825F896C100CF5005 /* ViewController.swift in Sources */ = {isa = PBXBuildFile; fileRef = D425DDA725F896C100CF5005 /* ViewController.swift */; };
		D425DDAB25F896C100CF5005 /* Main.storyboard in Resources */ = {isa = PBXBuildFile; fileRef = D425DDA925F896C100CF5005 /* Main.storyboard */; };
		D425DDAD25F896C400CF5005 /* Assets.xcassets in Resources */ = {isa = PBXBuildFile; fileRef = D425DDAC25F896C400CF5005 /* Assets.xcassets */; };
		D425DDB025F896C400CF5005 /* LaunchScreen.storyboard in Resources */ = {isa = PBXBuildFile; fileRef = D425DDAE25F896C400CF5005 /* LaunchScreen.storyboard */; };
		D425DDBA25F89C1600CF5005 /* SViewController.swift in Sources */ = {isa = PBXBuildFile; fileRef = D425DDB925F89C1600CF5005 /* SViewController.swift */; };
/* End PBXBuildFile section */

/* Begin PBXFileReference section */
		D425DDA025F896C100CF5005 /* MyProject-8.app */ = {isa = PBXFileReference; explicitFileType = wrapper.application; includeInIndex = 0; path = "MyProject-8.app"; sourceTree = BUILT_PRODUCTS_DIR; };
		D425DDA325F896C100CF5005 /* AppDelegate.swift */ = {isa = PBXFileReference; lastKnownFileType = sourcecode.swift; path = AppDelegate.swift; sourceTree = "<group>"; };
		D425DDA525F896C100CF5005 /* SceneDelegate.swift */ = {isa = PBXFileReference; lastKnownFileType = sourcecode.swift; path = SceneDelegate.swift; sourceTree = "<group>"; };
		D425DDA725F896C100CF5005 /* ViewController.swift */ = {isa = PBXFileReference; lastKnownFileType = sourcecode.swift; path = ViewController.swift; sourceTree = "<group>"; };
		D425DDAA25F896C100CF5005 /* Base */ = {isa = PBXFileReference; lastKnownFileType = file.storyboard; name = Base; path = Base.lproj/Main.storyboard; sourceTree = "<group>"; };
		D425DDAC25F896C400CF5005 /* Assets.xcassets */ = {isa = PBXFileReference; lastKnownFileType = folder.assetcatalog; path = Assets.xcassets; sourceTree = "<group>"; };
		D425DDAF25F896C400CF5005 /* Base */ = {isa = PBXFileReference; lastKnownFileType = file.storyboard; name = Base; path = Base.lproj/LaunchScreen.storyboard; sourceTree = "<group>"; };
		D425DDB125F896C400CF5005 /* Info.plist */ = {isa = PBXFileReference; lastKnownFileType = text.plist.xml; path = Info.plist; sourceTree = "<group>"; };
		D425DDB925F89C1600CF5005 /* SViewController.swift */ = {isa = PBXFileReference; lastKnownFileType = sourcecode.swift; path = SViewController.swift; sourceTree = "<group>"; };
/* End PBXFileReference section */

/* Begin PBXFrameworksBuildPhase section */
		D425DD9D25F896C100CF5005 /* Frameworks */ = {
			isa = PBXFrameworksBuildPhase;
			buildActionMask = 2147483647;
			files = (
			);
			runOnlyForDeploymentPostprocessing = 0;
		};
/* End PBXFrameworksBuildPhase section */

/* Begin PBXGroup section */
		D425DD9725F896C100CF5005 = {
			isa = PBXGroup;
			children = (
				D425DDA225F896C100CF5005 /* MyProject-8 */,
				D425DDA125F896C100CF5005 /* Products */,
			);
			sourceTree = "<group>";
		};
		D425DDA125F896C100CF5005 /* Products */ = {
			isa = PBXGroup;
			children = (
				D425DDA025F896C100CF5005 /* MyProject-8.app */,
			);
			name = Products;
			sourceTree = "<group>";
		};
		D425DDA225F896C100CF5005 /* MyProject-8 */ = {
			isa = PBXGroup;
			children = (
				D425DDA325F896C100CF5005 /* AppDelegate.swift */,
				D425DDA525F896C100CF5005 /* SceneDelegate.swift */,
				D425DDA725F896C100CF5005 /* ViewController.swift */,
				D425DDB925F89C1600CF5005 /* SViewController.swift */,
				D425DDA925F896C100CF5005 /* Main.storyboard */,
				D425DDAC25F896C400CF5005 /* Assets.xcassets */,
				D425DDAE25F896C400CF5005 /* LaunchScreen.storyboard */,
				D425DDB125F896C400CF5005 /* Info.plist */,
			);
			path = "MyProject-8";
			sourceTree = "<group>";
		};
/* End PBXGroup section */

/* Begin PBXNativeTarget section */
		D425DD9F25F896C100CF5005 /* MyProject-8 */ = {
			isa = PBXNativeTarget;
			buildConfigurationList = D425DDB425F896C400CF5005 /* Build configuration list for PBXNativeTarget "MyProject-8" */;
			buildPhases = (
				D425DD9C25F896C100CF5005 /* Sources */,
				D425DD9D25F896C100CF5005 /* Frameworks */,
				D425DD9E25F896C100CF5005 /* Resources */,
			);
			buildRules = (
			);
			dependencies = (
			);
			name = "MyProject-8";
			productName = "MyProject-8";
			productReference = D425DDA025F896C100CF5005 /* MyProject-8.app */;
			productType = "com.apple.product-type.application";
		};
/* End PBXNativeTarget section */

/* Begin PBXProject section */
		D425DD9825F896C100CF5005 /* Project object */ = {
			isa = PBXProject;
			attributes = {
				LastSwiftUpdateCheck = 1240;
				LastUpgradeCheck = 1240;
				TargetAttributes = {
					D425DD9F25F896C100CF5005 = {
						CreatedOnToolsVersion = 12.4;
					};
				};
			};
			buildConfigurationList = D425DD9B25F896C100CF5005 /* Build configuration list for PBXProject "MyProject-8" */;
			compatibilityVersion = "Xcode 9.3";
			developmentRegion = en;
			hasScannedForEncodings = 0;
			knownRegions = (
				en,
				Base,
			);
			mainGroup = D425DD9725F896C100CF5005;
			productRefGroup = D425DDA125F896C100CF5005 /* Products */;
			projectDirPath = "";
			projectRoot = "";
			targets = (
				D425DD9F25F896C100CF5005 /* MyProject-8 */,
			);
		};
/* End PBXProject section */

/* Begin PBXResourcesBuildPhase section */
		D425DD9E25F896C100CF5005 /* Resources */ = {
			isa = PBXResourcesBuildPhase;
			buildActionMask = 2147483647;
			files = (
				D425DDB025F896C400CF5005 /* LaunchScreen.storyboard in Resources */,
				D425DDAD25F896C400CF5005 /* Assets.xcassets in Resources */,
				D425DDAB25F896C100CF5005 /* Main.storyboard in Resources */,
			);
			runOnlyForDeploymentPostprocessing = 0;
		};
/* End PBXResourcesBuildPhase section */

/* Begin PBXSourcesBuildPhase section */
		D425DD9C25F896C100CF5005 /* Sources */ = {
			isa = PBXSourcesBuildPhase;
			buildActionMask = 2147483647;
			files = (
				D425DDA825F896C100CF5005 /* ViewController.swift in Sources */,
				D425DDA425F896C100CF5005 /* AppDelegate.swift in Sources */,
				D425DDBA25F89C1600CF5005 /* SViewController.swift in Sources */,
				D425DDA625F896C100CF5005 /* SceneDelegate.swift in Sources */,
			);
			runOnlyForDeploymentPostprocessing = 0;
		};
/* End PBXSourcesBuildPhase section */

/* Begin PBXVariantGroup section */
		D425DDA925F896C100CF5005 /* Main.storyboard */ = {
			isa = PBXVariantGroup;
			children = (
				D425DDAA25F896C100CF5005 /* Base */,
			);
			name = Main.storyboard;
			sourceTree = "<group>";
		};
		D425DDAE25F896C400CF5005 /* LaunchScreen.storyboard */ = {
			isa = PBXVariantGroup;
			children = (
				D425DDAF25F896C400CF5005 /* Base */,
			);
			name = LaunchScreen.storyboard;
			sourceTree = "<group>";
		};
/* End PBXVariantGroup section */

/* Begin XCBuildConfiguration section */
		D425DDB225F896C400CF5005 /* Debug */ = {
			isa = XCBuildConfiguration;
			buildSettings = {
				ALWAYS_SEARCH_USER_PATHS = NO;
				CLANG_ANALYZER_NONNULL = YES;
				CLANG_ANALYZER_NUMBER_OBJECT_CONVERSION = YES_AGGRESSIVE;
				CLANG_CXX_LANGUAGE_STANDARD = "gnu++14";
				CLANG_CXX_LIBRARY = "libc++";
				CLANG_ENABLE_MODULES = YES;
				CLANG_ENABLE_OBJC_ARC = YES;
				CLANG_ENABLE_OBJC_WEAK = YES;
				CLANG_WARN_BLOCK_CAPTURE_AUTORELEASING = YES;
				CLANG_WARN_BOOL_CONVERSION = YES;
				CLANG_WARN_COMMA = YES;
				CLANG_WARN_CONSTANT_CONVERSION = YES;
				CLANG_WARN_DEPRECATED_OBJC_IMPLEMENTATIONS = YES;
				CLANG_WARN_DIRECT_OBJC_ISA_USAGE = YES_ERROR;
				CLANG_WARN_DOCUMENTATION_COMMENTS = YES;
				CLANG_WARN_EMPTY_BODY = YES;
				CLANG_WARN_ENUM_CONVERSION = YES;
				CLANG_WARN_INFINITE_RECURSION = YES;
				CLANG_WARN_INT_CONVERSION = YES;
				CLANG_WARN_NON_LITERAL_NULL_CONVERSION = YES;
				CLANG_WARN_OBJC_IMPLICIT_RETAIN_SELF = YES;
				CLANG_WARN_OBJC_LITERAL_CONVERSION = YES;
				CLANG_WARN_OBJC_ROOT_CLASS = YES_ERROR;
				CLANG_WARN_QUOTED_INCLUDE_IN_FRAMEWORK_HEADER = YES;
				CLANG_WARN_RANGE_LOOP_ANALYSIS = YES;
				CLANG_WARN_STRICT_PROTOTYPES = YES;
				CLANG_WARN_SUSPICIOUS_MOVE = YES;
				CLANG_WARN_UNGUARDED_AVAILABILITY = YES_AGGRESSIVE;
				CLANG_WARN_UNREACHABLE_CODE = YES;
				CLANG_WARN__DUPLICATE_METHOD_MATCH = YES;
				COPY_PHASE_STRIP = NO;
				DEBUG_INFORMATION_FORMAT = dwarf;
				ENABLE_STRICT_OBJC_MSGSEND = YES;
				ENABLE_TESTABILITY = YES;
				GCC_C_LANGUAGE_STANDARD = gnu11;
				GCC_DYNAMIC_NO_PIC = NO;
				GCC_NO_COMMON_BLOCKS = YES;
				GCC_OPTIMIZATION_LEVEL = 0;
				GCC_PREPROCESSOR_DEFINITIONS = (
					"DEBUG=1",
					"$(inherited)",
				);
				GCC_WARN_64_TO_32_BIT_CONVERSION = YES;
				GCC_WARN_ABOUT_RETURN_TYPE = YES_ERROR;
				GCC_WARN_UNDECLARED_SELECTOR = YES;
				GCC_WARN_UNINITIALIZED_AUTOS = YES_AGGRESSIVE;
				GCC_WARN_UNUSED_FUNCTION = YES;
				GCC_WARN_UNUSED_VARIABLE = YES;
				IPHONEOS_DEPLOYMENT_TARGET = 14.4;
				MTL_ENABLE_DEBUG_INFO = INCLUDE_SOURCE;
				MTL_FAST_MATH = YES;
				ONLY_ACTIVE_ARCH = YES;
				SDKROOT = iphoneos;
				SWIFT_ACTIVE_COMPILATION_CONDITIONS = DEBUG;
				SWIFT_OPTIMIZATION_LEVEL = "-Onone";
			};
			name = Debug;
		};
		D425DDB325F896C400CF5005 /* Release */ = {
			isa = XCBuildConfiguration;
			buildSettings = {
				ALWAYS_SEARCH_USER_PATHS = NO;
				CLANG_ANALYZER_NONNULL = YES;
				CLANG_ANALYZER_NUMBER_OBJECT_CONVERSION = YES_AGGRESSIVE;
				CLANG_CXX_LANGUAGE_STANDARD = "gnu++14";
				CLANG_CXX_LIBRARY = "libc++";
				CLANG_ENABLE_MODULES = YES;
				CLANG_ENABLE_OBJC_ARC = YES;
				CLANG_ENABLE_OBJC_WEAK = YES;
				CLANG_WARN_BLOCK_CAPTURE_AUTORELEASING = YES;
				CLANG_WARN_BOOL_CONVERSION = YES;
				CLANG_WARN_COMMA = YES;
				CLANG_WARN_CONSTANT_CONVERSION = YES;
				CLANG_WARN_DEPRECATED_OBJC_IMPLEMENTATIONS = YES;
				CLANG_WARN_DIRECT_OBJC_ISA_USAGE = YES_ERROR;
				CLANG_WARN_DOCUMENTATION_COMMENTS = YES;
				CLANG_WARN_EMPTY_BODY = YES;
				CLANG_WARN_ENUM_CONVERSION = YES;
				CLANG_WARN_INFINITE_RECURSION = YES;
				CLANG_WARN_INT_CONVERSION = YES;
				CLANG_WARN_NON_LITERAL_NULL_CONVERSION = YES;
				CLANG_WARN_OBJC_IMPLICIT_RETAIN_SELF = YES;
				CLANG_WARN_OBJC_LITERAL_CONVERSION = YES;
				CLANG_WARN_OBJC_ROOT_CLASS = YES_ERROR;
				CLANG_WARN_QUOTED_INCLUDE_IN_FRAMEWORK_HEADER = YES;
				CLANG_WARN_RANGE_LOOP_ANALYSIS = YES;
				CLANG_WARN_STRICT_PROTOTYPES = YES;
				CLANG_WARN_SUSPICIOUS_MOVE = YES;
				CLANG_WARN_UNGUARDED_AVAILABILITY = YES_AGGRESSIVE;
				CLANG_WARN_UNREACHABLE_CODE = YES;
				CLANG_WARN__DUPLICATE_METHOD_MATCH = YES;
				COPY_PHASE_STRIP = NO;
				DEBUG_INFORMATION_FORMAT = "dwarf-with-dsym";
				ENABLE_NS_ASSERTIONS = NO;
				ENABLE_STRICT_OBJC_MSGSEND = YES;
				GCC_C_LANGUAGE_STANDARD = gnu11;
				GCC_NO_COMMON_BLOCKS = YES;
				GCC_WARN_64_TO_32_BIT_CONVERSION = YES;
				GCC_WARN_ABOUT_RETURN_TYPE = YES_ERROR;
				GCC_WARN_UNDECLARED_SELECTOR = YES;
				GCC_WARN_UNINITIALIZED_AUTOS = YES_AGGRESSIVE;
				GCC_WARN_UNUSED_FUNCTION = YES;
				GCC_WARN_UNUSED_VARIABLE = YES;
				IPHONEOS_DEPLOYMENT_TARGET = 14.4;
				MTL_ENABLE_DEBUG_INFO = NO;
				MTL_FAST_MATH = YES;
				SDKROOT = iphoneos;
				SWIFT_COMPILATION_MODE = wholemodule;
				SWIFT_OPTIMIZATION_LEVEL = "-O";
				VALIDATE_PRODUCT = YES;
			};
			name = Release;
		};
		D425DDB525F896C400CF5005 /* Debug */ = {
			isa = XCBuildConfiguration;
			buildSettings = {
				ASSETCATALOG_COMPILER_APPICON_NAME = AppIcon;
				ASSETCATALOG_COMPILER_GLOBAL_ACCENT_COLOR_NAME = AccentColor;
				CODE_SIGN_STYLE = Automatic;
				DEVELOPMENT_TEAM = 9B46SWWQX5;
				INFOPLIST_FILE = "MyProject-8/Info.plist";
				IPHONEOS_DEPLOYMENT_TARGET = 14.1;
				LD_RUNPATH_SEARCH_PATHS = (
					"$(inherited)",
					"@executable_path/Frameworks",
				);
				PRODUCT_BUNDLE_IDENTIFIER = "leeyoonsu.MyProject-8";
				PRODUCT_NAME = "$(TARGET_NAME)";
				SWIFT_VERSION = 5.0;
				TARGETED_DEVICE_FAMILY = 1;
			};
			name = Debug;
		};
		D425DDB625F896C400CF5005 /* Release */ = {
			isa = XCBuildConfiguration;
			buildSettings = {
				ASSETCATALOG_COMPILER_APPICON_NAME = AppIcon;
				ASSETCATALOG_COMPILER_GLOBAL_ACCENT_COLOR_NAME = AccentColor;
				CODE_SIGN_STYLE = Automatic;
				DEVELOPMENT_TEAM = 9B46SWWQX5;
				INFOPLIST_FILE = "MyProject-8/Info.plist";
				IPHONEOS_DEPLOYMENT_TARGET = 14.1;
				LD_RUNPATH_SEARCH_PATHS = (
					"$(inherited)",
					"@executable_path/Frameworks",
				);
				PRODUCT_BUNDLE_IDENTIFIER = "leeyoonsu.MyProject-8";
				PRODUCT_NAME = "$(TARGET_NAME)";
				SWIFT_VERSION = 5.0;
				TARGETED_DEVICE_FAMILY = 1;
			};
			name = Release;
		};
/* End XCBuildConfiguration section */

/* Begin XCConfigurationList section */
		D425DD9B25F896C100CF5005 /* Build configuration list for PBXProject "MyProject-8" */ = {
			isa = XCConfigurationList;
			buildConfigurations = (
				D425DDB225F896C400CF5005 /* Debug */,
				D425DDB325F896C400CF5005 /* Release */,
			);
			defaultConfigurationIsVisible = 0;
			defaultConfigurationName = Release;
		};
		D425DDB425F896C400CF5005 /* Build configuration list for PBXNativeTarget "MyProject-8" */ = {
			isa = XCConfigurationList;
			buildConfigurations = (
				D425DDB525F896C400CF5005 /* Debug */,
				D425DDB625F896C400CF5005 /* Release */,
			);
			defaultConfigurationIsVisible = 0;
			defaultConfigurationName = Release;
		};
/* End XCConfigurationList section */
	};
	rootObject = D425DD9825F896C100CF5005 /* Project object */;
}
