// !$*UTF8*$!
{
	archiveVersion = 1;
	classes = {
	};
	objectVersion = 50;
	objects = {

/* Begin PBXBuildFile section */
		D447E6772577720D000B8517 /* AppDelegate.swift in Sources */ = {isa = PBXBuildFile; fileRef = D447E6762577720D000B8517 /* AppDelegate.swift */; };
		D447E6792577720D000B8517 /* SceneDelegate.swift in Sources */ = {isa = PBXBuildFile; fileRef = D447E6782577720D000B8517 /* SceneDelegate.swift */; };
		D447E67E2577720D000B8517 /* Main.storyboard in Resources */ = {isa = PBXBuildFile; fileRef = D447E67C2577720D000B8517 /* Main.storyboard */; };
		D447E6812577720D000B8517 /* MyMemory.xcdatamodeld in Sources */ = {isa = PBXBuildFile; fileRef = D447E67F2577720D000B8517 /* MyMemory.xcdatamodeld */; };
		D447E68325777210000B8517 /* Assets.xcassets in Resources */ = {isa = PBXBuildFile; fileRef = D447E68225777210000B8517 /* Assets.xcassets */; };
		D447E68625777210000B8517 /* LaunchScreen.storyboard in Resources */ = {isa = PBXBuildFile; fileRef = D447E68425777210000B8517 /* LaunchScreen.storyboard */; };
		D447E6912577853A000B8517 /* MemoListVCTableViewController.swift in Sources */ = {isa = PBXBuildFile; fileRef = D447E6902577853A000B8517 /* MemoListVCTableViewController.swift */; };
		D447E69425778584000B8517 /* MemoFormVC.swift in Sources */ = {isa = PBXBuildFile; fileRef = D447E69325778584000B8517 /* MemoFormVC.swift */; };
		D447E69725778598000B8517 /* MemoReadVC.swift in Sources */ = {isa = PBXBuildFile; fileRef = D447E69625778598000B8517 /* MemoReadVC.swift */; };
		D447E69A257788E9000B8517 /* MemoCell.swift in Sources */ = {isa = PBXBuildFile; fileRef = D447E699257788E9000B8517 /* MemoCell.swift */; };
		D447E69D25779040000B8517 /* MemoData.swift in Sources */ = {isa = PBXBuildFile; fileRef = D447E69C25779040000B8517 /* MemoData.swift */; };
/* End PBXBuildFile section */

/* Begin PBXFileReference section */
		D447E6732577720D000B8517 /* MyMemory.app */ = {isa = PBXFileReference; explicitFileType = wrapper.application; includeInIndex = 0; path = MyMemory.app; sourceTree = BUILT_PRODUCTS_DIR; };
		D447E6762577720D000B8517 /* AppDelegate.swift */ = {isa = PBXFileReference; lastKnownFileType = sourcecode.swift; path = AppDelegate.swift; sourceTree = "<group>"; };
		D447E6782577720D000B8517 /* SceneDelegate.swift */ = {isa = PBXFileReference; lastKnownFileType = sourcecode.swift; path = SceneDelegate.swift; sourceTree = "<group>"; };
		D447E67D2577720D000B8517 /* Base */ = {isa = PBXFileReference; lastKnownFileType = file.storyboard; name = Base; path = Base.lproj/Main.storyboard; sourceTree = "<group>"; };
		D447E6802577720D000B8517 /* MyMemory.xcdatamodel */ = {isa = PBXFileReference; lastKnownFileType = wrapper.xcdatamodel; path = MyMemory.xcdatamodel; sourceTree = "<group>"; };
		D447E68225777210000B8517 /* Assets.xcassets */ = {isa = PBXFileReference; lastKnownFileType = folder.assetcatalog; path = Assets.xcassets; sourceTree = "<group>"; };
		D447E68525777210000B8517 /* Base */ = {isa = PBXFileReference; lastKnownFileType = file.storyboard; name = Base; path = Base.lproj/LaunchScreen.storyboard; sourceTree = "<group>"; };
		D447E68725777210000B8517 /* Info.plist */ = {isa = PBXFileReference; lastKnownFileType = text.plist.xml; path = Info.plist; sourceTree = "<group>"; };
		D447E6902577853A000B8517 /* MemoListVCTableViewController.swift */ = {isa = PBXFileReference; lastKnownFileType = sourcecode.swift; path = MemoListVCTableViewController.swift; sourceTree = "<group>"; };
		D447E69325778584000B8517 /* MemoFormVC.swift */ = {isa = PBXFileReference; lastKnownFileType = sourcecode.swift; path = MemoFormVC.swift; sourceTree = "<group>"; };
		D447E69625778598000B8517 /* MemoReadVC.swift */ = {isa = PBXFileReference; lastKnownFileType = sourcecode.swift; path = MemoReadVC.swift; sourceTree = "<group>"; };
		D447E699257788E9000B8517 /* MemoCell.swift */ = {isa = PBXFileReference; lastKnownFileType = sourcecode.swift; path = MemoCell.swift; sourceTree = "<group>"; };
		D447E69C25779040000B8517 /* MemoData.swift */ = {isa = PBXFileReference; lastKnownFileType = sourcecode.swift; path = MemoData.swift; sourceTree = "<group>"; };
/* End PBXFileReference section */

/* Begin PBXFrameworksBuildPhase section */
		D447E6702577720D000B8517 /* Frameworks */ = {
			isa = PBXFrameworksBuildPhase;
			buildActionMask = 2147483647;
			files = (
			);
			runOnlyForDeploymentPostprocessing = 0;
		};
/* End PBXFrameworksBuildPhase section */

/* Begin PBXGroup section */
		D447E66A2577720D000B8517 = {
			isa = PBXGroup;
			children = (
				D447E6752577720D000B8517 /* MyMemory */,
				D447E6742577720D000B8517 /* Products */,
			);
			sourceTree = "<group>";
		};
		D447E6742577720D000B8517 /* Products */ = {
			isa = PBXGroup;
			children = (
				D447E6732577720D000B8517 /* MyMemory.app */,
			);
			name = Products;
			sourceTree = "<group>";
		};
		D447E6752577720D000B8517 /* MyMemory */ = {
			isa = PBXGroup;
			children = (
				D447E6762577720D000B8517 /* AppDelegate.swift */,
				D447E6782577720D000B8517 /* SceneDelegate.swift */,
				D447E67C2577720D000B8517 /* Main.storyboard */,
				D447E69C25779040000B8517 /* MemoData.swift */,
				D447E699257788E9000B8517 /* MemoCell.swift */,
				D447E6902577853A000B8517 /* MemoListVCTableViewController.swift */,
				D447E69325778584000B8517 /* MemoFormVC.swift */,
				D447E69625778598000B8517 /* MemoReadVC.swift */,
				D447E68225777210000B8517 /* Assets.xcassets */,
				D447E68425777210000B8517 /* LaunchScreen.storyboard */,
				D447E68725777210000B8517 /* Info.plist */,
				D447E67F2577720D000B8517 /* MyMemory.xcdatamodeld */,
			);
			path = MyMemory;
			sourceTree = "<group>";
		};
/* End PBXGroup section */

/* Begin PBXNativeTarget section */
		D447E6722577720D000B8517 /* MyMemory */ = {
			isa = PBXNativeTarget;
			buildConfigurationList = D447E68A25777210000B8517 /* Build configuration list for PBXNativeTarget "MyMemory" */;
			buildPhases = (
				D447E66F2577720D000B8517 /* Sources */,
				D447E6702577720D000B8517 /* Frameworks */,
				D447E6712577720D000B8517 /* Resources */,
			);
			buildRules = (
			);
			dependencies = (
			);
			name = MyMemory;
			productName = MyMemory;
			productReference = D447E6732577720D000B8517 /* MyMemory.app */;
			productType = "com.apple.product-type.application";
		};
/* End PBXNativeTarget section */

/* Begin PBXProject section */
		D447E66B2577720D000B8517 /* Project object */ = {
			isa = PBXProject;
			attributes = {
				LastSwiftUpdateCheck = 1220;
				LastUpgradeCheck = 1220;
				TargetAttributes = {
					D447E6722577720D000B8517 = {
						CreatedOnToolsVersion = 12.2;
					};
				};
			};
			buildConfigurationList = D447E66E2577720D000B8517 /* Build configuration list for PBXProject "MyMemory" */;
			compatibilityVersion = "Xcode 9.3";
			developmentRegion = en;
			hasScannedForEncodings = 0;
			knownRegions = (
				en,
				Base,
			);
			mainGroup = D447E66A2577720D000B8517;
			productRefGroup = D447E6742577720D000B8517 /* Products */;
			projectDirPath = "";
			projectRoot = "";
			targets = (
				D447E6722577720D000B8517 /* MyMemory */,
			);
		};
/* End PBXProject section */

/* Begin PBXResourcesBuildPhase section */
		D447E6712577720D000B8517 /* Resources */ = {
			isa = PBXResourcesBuildPhase;
			buildActionMask = 2147483647;
			files = (
				D447E68625777210000B8517 /* LaunchScreen.storyboard in Resources */,
				D447E68325777210000B8517 /* Assets.xcassets in Resources */,
				D447E67E2577720D000B8517 /* Main.storyboard in Resources */,
			);
			runOnlyForDeploymentPostprocessing = 0;
		};
/* End PBXResourcesBuildPhase section */

/* Begin PBXSourcesBuildPhase section */
		D447E66F2577720D000B8517 /* Sources */ = {
			isa = PBXSourcesBuildPhase;
			buildActionMask = 2147483647;
			files = (
				D447E69A257788E9000B8517 /* MemoCell.swift in Sources */,
				D447E69D25779040000B8517 /* MemoData.swift in Sources */,
				D447E6912577853A000B8517 /* MemoListVCTableViewController.swift in Sources */,
				D447E69425778584000B8517 /* MemoFormVC.swift in Sources */,
				D447E69725778598000B8517 /* MemoReadVC.swift in Sources */,
				D447E6812577720D000B8517 /* MyMemory.xcdatamodeld in Sources */,
				D447E6772577720D000B8517 /* AppDelegate.swift in Sources */,
				D447E6792577720D000B8517 /* SceneDelegate.swift in Sources */,
			);
			runOnlyForDeploymentPostprocessing = 0;
		};
/* End PBXSourcesBuildPhase section */

/* Begin PBXVariantGroup section */
		D447E67C2577720D000B8517 /* Main.storyboard */ = {
			isa = PBXVariantGroup;
			children = (
				D447E67D2577720D000B8517 /* Base */,
			);
			name = Main.storyboard;
			sourceTree = "<group>";
		};
		D447E68425777210000B8517 /* LaunchScreen.storyboard */ = {
			isa = PBXVariantGroup;
			children = (
				D447E68525777210000B8517 /* Base */,
			);
			name = LaunchScreen.storyboard;
			sourceTree = "<group>";
		};
/* End PBXVariantGroup section */

/* Begin XCBuildConfiguration section */
		D447E68825777210000B8517 /* Debug */ = {
			isa = XCBuildConfiguration;
			buildSettings = {
				ALWAYS_SEARCH_USER_PATHS = NO;
				CLANG_ANALYZER_NONNULL = YES;
				CLANG_ANALYZER_NUMBER_OBJECT_CONVERSION = YES_AGGRESSIVE;
				CLANG_CXX_LANGUAGE_STANDARD = "gnu++14";
				CLANG_CXX_LIBRARY = "libc++";
				CLANG_ENABLE_MODULES = YES;
				CLANG_ENABLE_OBJC_ARC = YES;
				CLANG_ENABLE_OBJC_WEAK = YES;
				CLANG_WARN_BLOCK_CAPTURE_AUTORELEASING = YES;
				CLANG_WARN_BOOL_CONVERSION = YES;
				CLANG_WARN_COMMA = YES;
				CLANG_WARN_CONSTANT_CONVERSION = YES;
				CLANG_WARN_DEPRECATED_OBJC_IMPLEMENTATIONS = YES;
				CLANG_WARN_DIRECT_OBJC_ISA_USAGE = YES_ERROR;
				CLANG_WARN_DOCUMENTATION_COMMENTS = YES;
				CLANG_WARN_EMPTY_BODY = YES;
				CLANG_WARN_ENUM_CONVERSION = YES;
				CLANG_WARN_INFINITE_RECURSION = YES;
				CLANG_WARN_INT_CONVERSION = YES;
				CLANG_WARN_NON_LITERAL_NULL_CONVERSION = YES;
				CLANG_WARN_OBJC_IMPLICIT_RETAIN_SELF = YES;
				CLANG_WARN_OBJC_LITERAL_CONVERSION = YES;
				CLANG_WARN_OBJC_ROOT_CLASS = YES_ERROR;
				CLANG_WARN_QUOTED_INCLUDE_IN_FRAMEWORK_HEADER = YES;
				CLANG_WARN_RANGE_LOOP_ANALYSIS = YES;
				CLANG_WARN_STRICT_PROTOTYPES = YES;
				CLANG_WARN_SUSPICIOUS_MOVE = YES;
				CLANG_WARN_UNGUARDED_AVAILABILITY = YES_AGGRESSIVE;
				CLANG_WARN_UNREACHABLE_CODE = YES;
				CLANG_WARN__DUPLICATE_METHOD_MATCH = YES;
				COPY_PHASE_STRIP = NO;
				DEBUG_INFORMATION_FORMAT = dwarf;
				ENABLE_STRICT_OBJC_MSGSEND = YES;
				ENABLE_TESTABILITY = YES;
				GCC_C_LANGUAGE_STANDARD = gnu11;
				GCC_DYNAMIC_NO_PIC = NO;
				GCC_NO_COMMON_BLOCKS = YES;
				GCC_OPTIMIZATION_LEVEL = 0;
				GCC_PREPROCESSOR_DEFINITIONS = (
					"DEBUG=1",
					"$(inherited)",
				);
				GCC_WARN_64_TO_32_BIT_CONVERSION = YES;
				GCC_WARN_ABOUT_RETURN_TYPE = YES_ERROR;
				GCC_WARN_UNDECLARED_SELECTOR = YES;
				GCC_WARN_UNINITIALIZED_AUTOS = YES_AGGRESSIVE;
				GCC_WARN_UNUSED_FUNCTION = YES;
				GCC_WARN_UNUSED_VARIABLE = YES;
				IPHONEOS_DEPLOYMENT_TARGET = 14.2;
				MTL_ENABLE_DEBUG_INFO = INCLUDE_SOURCE;
				MTL_FAST_MATH = YES;
				ONLY_ACTIVE_ARCH = YES;
				SDKROOT = iphoneos;
				SWIFT_ACTIVE_COMPILATION_CONDITIONS = DEBUG;
				SWIFT_OPTIMIZATION_LEVEL = "-Onone";
			};
			name = Debug;
		};
		D447E68925777210000B8517 /* Release */ = {
			isa = XCBuildConfiguration;
			buildSettings = {
				ALWAYS_SEARCH_USER_PATHS = NO;
				CLANG_ANALYZER_NONNULL = YES;
				CLANG_ANALYZER_NUMBER_OBJECT_CONVERSION = YES_AGGRESSIVE;
				CLANG_CXX_LANGUAGE_STANDARD = "gnu++14";
				CLANG_CXX_LIBRARY = "libc++";
				CLANG_ENABLE_MODULES = YES;
				CLANG_ENABLE_OBJC_ARC = YES;
				CLANG_ENABLE_OBJC_WEAK = YES;
				CLANG_WARN_BLOCK_CAPTURE_AUTORELEASING = YES;
				CLANG_WARN_BOOL_CONVERSION = YES;
				CLANG_WARN_COMMA = YES;
				CLANG_WARN_CONSTANT_CONVERSION = YES;
				CLANG_WARN_DEPRECATED_OBJC_IMPLEMENTATIONS = YES;
				CLANG_WARN_DIRECT_OBJC_ISA_USAGE = YES_ERROR;
				CLANG_WARN_DOCUMENTATION_COMMENTS = YES;
				CLANG_WARN_EMPTY_BODY = YES;
				CLANG_WARN_ENUM_CONVERSION = YES;
				CLANG_WARN_INFINITE_RECURSION = YES;
				CLANG_WARN_INT_CONVERSION = YES;
				CLANG_WARN_NON_LITERAL_NULL_CONVERSION = YES;
				CLANG_WARN_OBJC_IMPLICIT_RETAIN_SELF = YES;
				CLANG_WARN_OBJC_LITERAL_CONVERSION = YES;
				CLANG_WARN_OBJC_ROOT_CLASS = YES_ERROR;
				CLANG_WARN_QUOTED_INCLUDE_IN_FRAMEWORK_HEADER = YES;
				CLANG_WARN_RANGE_LOOP_ANALYSIS = YES;
				CLANG_WARN_STRICT_PROTOTYPES = YES;
				CLANG_WARN_SUSPICIOUS_MOVE = YES;
				CLANG_WARN_UNGUARDED_AVAILABILITY = YES_AGGRESSIVE;
				CLANG_WARN_UNREACHABLE_CODE = YES;
				CLANG_WARN__DUPLICATE_METHOD_MATCH = YES;
				COPY_PHASE_STRIP = NO;
				DEBUG_INFORMATION_FORMAT = "dwarf-with-dsym";
				ENABLE_NS_ASSERTIONS = NO;
				ENABLE_STRICT_OBJC_MSGSEND = YES;
				GCC_C_LANGUAGE_STANDARD = gnu11;
				GCC_NO_COMMON_BLOCKS = YES;
				GCC_WARN_64_TO_32_BIT_CONVERSION = YES;
				GCC_WARN_ABOUT_RETURN_TYPE = YES_ERROR;
				GCC_WARN_UNDECLARED_SELECTOR = YES;
				GCC_WARN_UNINITIALIZED_AUTOS = YES_AGGRESSIVE;
				GCC_WARN_UNUSED_FUNCTION = YES;
				GCC_WARN_UNUSED_VARIABLE = YES;
				IPHONEOS_DEPLOYMENT_TARGET = 14.2;
				MTL_ENABLE_DEBUG_INFO = NO;
				MTL_FAST_MATH = YES;
				SDKROOT = iphoneos;
				SWIFT_COMPILATION_MODE = wholemodule;
				SWIFT_OPTIMIZATION_LEVEL = "-O";
				VALIDATE_PRODUCT = YES;
			};
			name = Release;
		};
		D447E68B25777210000B8517 /* Debug */ = {
			isa = XCBuildConfiguration;
			buildSettings = {
				ASSETCATALOG_COMPILER_APPICON_NAME = AppIcon;
				ASSETCATALOG_COMPILER_GLOBAL_ACCENT_COLOR_NAME = AccentColor;
				CODE_SIGN_STYLE = Automatic;
				DEVELOPMENT_TEAM = 9B46SWWQX5;
				INFOPLIST_FILE = MyMemory/Info.plist;
				LD_RUNPATH_SEARCH_PATHS = (
					"$(inherited)",
					"@executable_path/Frameworks",
				);
				PRODUCT_BUNDLE_IDENTIFIER = leeyoonsu.MyMemory;
				PRODUCT_NAME = "$(TARGET_NAME)";
				SWIFT_VERSION = 5.0;
				TARGETED_DEVICE_FAMILY = 1;
			};
			name = Debug;
		};
		D447E68C25777210000B8517 /* Release */ = {
			isa = XCBuildConfiguration;
			buildSettings = {
				ASSETCATALOG_COMPILER_APPICON_NAME = AppIcon;
				ASSETCATALOG_COMPILER_GLOBAL_ACCENT_COLOR_NAME = AccentColor;
				CODE_SIGN_STYLE = Automatic;
				DEVELOPMENT_TEAM = 9B46SWWQX5;
				INFOPLIST_FILE = MyMemory/Info.plist;
				LD_RUNPATH_SEARCH_PATHS = (
					"$(inherited)",
					"@executable_path/Frameworks",
				);
				PRODUCT_BUNDLE_IDENTIFIER = leeyoonsu.MyMemory;
				PRODUCT_NAME = "$(TARGET_NAME)";
				SWIFT_VERSION = 5.0;
				TARGETED_DEVICE_FAMILY = 1;
			};
			name = Release;
		};
/* End XCBuildConfiguration section */

/* Begin XCConfigurationList section */
		D447E66E2577720D000B8517 /* Build configuration list for PBXProject "MyMemory" */ = {
			isa = XCConfigurationList;
			buildConfigurations = (
				D447E68825777210000B8517 /* Debug */,
				D447E68925777210000B8517 /* Release */,
			);
			defaultConfigurationIsVisible = 0;
			defaultConfigurationName = Release;
		};
		D447E68A25777210000B8517 /* Build configuration list for PBXNativeTarget "MyMemory" */ = {
			isa = XCConfigurationList;
			buildConfigurations = (
				D447E68B25777210000B8517 /* Debug */,
				D447E68C25777210000B8517 /* Release */,
			);
			defaultConfigurationIsVisible = 0;
			defaultConfigurationName = Release;
		};
/* End XCConfigurationList section */

/* Begin XCVersionGroup section */
		D447E67F2577720D000B8517 /* MyMemory.xcdatamodeld */ = {
			isa = XCVersionGroup;
			children = (
				D447E6802577720D000B8517 /* MyMemory.xcdatamodel */,
			);
			currentVersion = D447E6802577720D000B8517 /* MyMemory.xcdatamodel */;
			path = MyMemory.xcdatamodeld;
			sourceTree = "<group>";
			versionGroupType = wrapper.xcdatamodel;
		};
/* End XCVersionGroup section */
	};
	rootObject = D447E66B2577720D000B8517 /* Project object */;
}
