// !$*UTF8*$!
{
	archiveVersion = 1;
	classes = {
	};
	objectVersion = 50;
	objects = {

/* Begin PBXBuildFile section */
		D4CD733D253D986600351A31 /* AppDelegate.swift in Sources */ = {isa = PBXBuildFile; fileRef = D4CD733C253D986600351A31 /* AppDelegate.swift */; };
		D4CD733F253D986600351A31 /* SceneDelegate.swift in Sources */ = {isa = PBXBuildFile; fileRef = D4CD733E253D986600351A31 /* SceneDelegate.swift */; };
		D4CD7341253D986600351A31 /* ViewController.swift in Sources */ = {isa = PBXBuildFile; fileRef = D4CD7340253D986600351A31 /* ViewController.swift */; };
		D4CD7344253D986600351A31 /* Main.storyboard in Resources */ = {isa = PBXBuildFile; fileRef = D4CD7342253D986600351A31 /* Main.storyboard */; };
		D4CD7346253D986800351A31 /* Assets.xcassets in Resources */ = {isa = PBXBuildFile; fileRef = D4CD7345253D986800351A31 /* Assets.xcassets */; };
		D4CD7349253D986800351A31 /* LaunchScreen.storyboard in Resources */ = {isa = PBXBuildFile; fileRef = D4CD7347253D986800351A31 /* LaunchScreen.storyboard */; };
		D4CD7354253D986800351A31 /* IBTESTTests.swift in Sources */ = {isa = PBXBuildFile; fileRef = D4CD7353253D986800351A31 /* IBTESTTests.swift */; };
		D4CD735F253D986800351A31 /* IBTESTUITests.swift in Sources */ = {isa = PBXBuildFile; fileRef = D4CD735E253D986800351A31 /* IBTESTUITests.swift */; };
/* End PBXBuildFile section */

/* Begin PBXContainerItemProxy section */
		D4CD7350253D986800351A31 /* PBXContainerItemProxy */ = {
			isa = PBXContainerItemProxy;
			containerPortal = D4CD7331253D986600351A31 /* Project object */;
			proxyType = 1;
			remoteGlobalIDString = D4CD7338253D986600351A31;
			remoteInfo = IBTEST;
		};
		D4CD735B253D986800351A31 /* PBXContainerItemProxy */ = {
			isa = PBXContainerItemProxy;
			containerPortal = D4CD7331253D986600351A31 /* Project object */;
			proxyType = 1;
			remoteGlobalIDString = D4CD7338253D986600351A31;
			remoteInfo = IBTEST;
		};
/* End PBXContainerItemProxy section */

/* Begin PBXFileReference section */
		D4CD7339253D986600351A31 /* IBTEST.app */ = {isa = PBXFileReference; explicitFileType = wrapper.application; includeInIndex = 0; path = IBTEST.app; sourceTree = BUILT_PRODUCTS_DIR; };
		D4CD733C253D986600351A31 /* AppDelegate.swift */ = {isa = PBXFileReference; lastKnownFileType = sourcecode.swift; path = AppDelegate.swift; sourceTree = "<group>"; };
		D4CD733E253D986600351A31 /* SceneDelegate.swift */ = {isa = PBXFileReference; lastKnownFileType = sourcecode.swift; path = SceneDelegate.swift; sourceTree = "<group>"; };
		D4CD7340253D986600351A31 /* ViewController.swift */ = {isa = PBXFileReference; lastKnownFileType = sourcecode.swift; path = ViewController.swift; sourceTree = "<group>"; };
		D4CD7343253D986600351A31 /* Base */ = {isa = PBXFileReference; lastKnownFileType = file.storyboard; name = Base; path = Base.lproj/Main.storyboard; sourceTree = "<group>"; };
		D4CD7345253D986800351A31 /* Assets.xcassets */ = {isa = PBXFileReference; lastKnownFileType = folder.assetcatalog; path = Assets.xcassets; sourceTree = "<group>"; };
		D4CD7348253D986800351A31 /* Base */ = {isa = PBXFileReference; lastKnownFileType = file.storyboard; name = Base; path = Base.lproj/LaunchScreen.storyboard; sourceTree = "<group>"; };
		D4CD734A253D986800351A31 /* Info.plist */ = {isa = PBXFileReference; lastKnownFileType = text.plist.xml; path = Info.plist; sourceTree = "<group>"; };
		D4CD734F253D986800351A31 /* IBTESTTests.xctest */ = {isa = PBXFileReference; explicitFileType = wrapper.cfbundle; includeInIndex = 0; path = IBTESTTests.xctest; sourceTree = BUILT_PRODUCTS_DIR; };
		D4CD7353253D986800351A31 /* IBTESTTests.swift */ = {isa = PBXFileReference; lastKnownFileType = sourcecode.swift; path = IBTESTTests.swift; sourceTree = "<group>"; };
		D4CD7355253D986800351A31 /* Info.plist */ = {isa = PBXFileReference; lastKnownFileType = text.plist.xml; path = Info.plist; sourceTree = "<group>"; };
		D4CD735A253D986800351A31 /* IBTESTUITests.xctest */ = {isa = PBXFileReference; explicitFileType = wrapper.cfbundle; includeInIndex = 0; path = IBTESTUITests.xctest; sourceTree = BUILT_PRODUCTS_DIR; };
		D4CD735E253D986800351A31 /* IBTESTUITests.swift */ = {isa = PBXFileReference; lastKnownFileType = sourcecode.swift; path = IBTESTUITests.swift; sourceTree = "<group>"; };
		D4CD7360253D986800351A31 /* Info.plist */ = {isa = PBXFileReference; lastKnownFileType = text.plist.xml; path = Info.plist; sourceTree = "<group>"; };
/* End PBXFileReference section */

/* Begin PBXFrameworksBuildPhase section */
		D4CD7336253D986600351A31 /* Frameworks */ = {
			isa = PBXFrameworksBuildPhase;
			buildActionMask = 2147483647;
			files = (
			);
			runOnlyForDeploymentPostprocessing = 0;
		};
		D4CD734C253D986800351A31 /* Frameworks */ = {
			isa = PBXFrameworksBuildPhase;
			buildActionMask = 2147483647;
			files = (
			);
			runOnlyForDeploymentPostprocessing = 0;
		};
		D4CD7357253D986800351A31 /* Frameworks */ = {
			isa = PBXFrameworksBuildPhase;
			buildActionMask = 2147483647;
			files = (
			);
			runOnlyForDeploymentPostprocessing = 0;
		};
/* End PBXFrameworksBuildPhase section */

/* Begin PBXGroup section */
		D4CD7330253D986600351A31 = {
			isa = PBXGroup;
			children = (
				D4CD733B253D986600351A31 /* IBTEST */,
				D4CD7352253D986800351A31 /* IBTESTTests */,
				D4CD735D253D986800351A31 /* IBTESTUITests */,
				D4CD733A253D986600351A31 /* Products */,
			);
			sourceTree = "<group>";
		};
		D4CD733A253D986600351A31 /* Products */ = {
			isa = PBXGroup;
			children = (
				D4CD7339253D986600351A31 /* IBTEST.app */,
				D4CD734F253D986800351A31 /* IBTESTTests.xctest */,
				D4CD735A253D986800351A31 /* IBTESTUITests.xctest */,
			);
			name = Products;
			sourceTree = "<group>";
		};
		D4CD733B253D986600351A31 /* IBTEST */ = {
			isa = PBXGroup;
			children = (
				D4CD733C253D986600351A31 /* AppDelegate.swift */,
				D4CD733E253D986600351A31 /* SceneDelegate.swift */,
				D4CD7340253D986600351A31 /* ViewController.swift */,
				D4CD7342253D986600351A31 /* Main.storyboard */,
				D4CD7345253D986800351A31 /* Assets.xcassets */,
				D4CD7347253D986800351A31 /* LaunchScreen.storyboard */,
				D4CD734A253D986800351A31 /* Info.plist */,
			);
			path = IBTEST;
			sourceTree = "<group>";
		};
		D4CD7352253D986800351A31 /* IBTESTTests */ = {
			isa = PBXGroup;
			children = (
				D4CD7353253D986800351A31 /* IBTESTTests.swift */,
				D4CD7355253D986800351A31 /* Info.plist */,
			);
			path = IBTESTTests;
			sourceTree = "<group>";
		};
		D4CD735D253D986800351A31 /* IBTESTUITests */ = {
			isa = PBXGroup;
			children = (
				D4CD735E253D986800351A31 /* IBTESTUITests.swift */,
				D4CD7360253D986800351A31 /* Info.plist */,
			);
			path = IBTESTUITests;
			sourceTree = "<group>";
		};
/* End PBXGroup section */

/* Begin PBXNativeTarget section */
		D4CD7338253D986600351A31 /* IBTEST */ = {
			isa = PBXNativeTarget;
			buildConfigurationList = D4CD7363253D986800351A31 /* Build configuration list for PBXNativeTarget "IBTEST" */;
			buildPhases = (
				D4CD7335253D986600351A31 /* Sources */,
				D4CD7336253D986600351A31 /* Frameworks */,
				D4CD7337253D986600351A31 /* Resources */,
			);
			buildRules = (
			);
			dependencies = (
			);
			name = IBTEST;
			productName = IBTEST;
			productReference = D4CD7339253D986600351A31 /* IBTEST.app */;
			productType = "com.apple.product-type.application";
		};
		D4CD734E253D986800351A31 /* IBTESTTests */ = {
			isa = PBXNativeTarget;
			buildConfigurationList = D4CD7366253D986800351A31 /* Build configuration list for PBXNativeTarget "IBTESTTests" */;
			buildPhases = (
				D4CD734B253D986800351A31 /* Sources */,
				D4CD734C253D986800351A31 /* Frameworks */,
				D4CD734D253D986800351A31 /* Resources */,
			);
			buildRules = (
			);
			dependencies = (
				D4CD7351253D986800351A31 /* PBXTargetDependency */,
			);
			name = IBTESTTests;
			productName = IBTESTTests;
			productReference = D4CD734F253D986800351A31 /* IBTESTTests.xctest */;
			productType = "com.apple.product-type.bundle.unit-test";
		};
		D4CD7359253D986800351A31 /* IBTESTUITests */ = {
			isa = PBXNativeTarget;
			buildConfigurationList = D4CD7369253D986800351A31 /* Build configuration list for PBXNativeTarget "IBTESTUITests" */;
			buildPhases = (
				D4CD7356253D986800351A31 /* Sources */,
				D4CD7357253D986800351A31 /* Frameworks */,
				D4CD7358253D986800351A31 /* Resources */,
			);
			buildRules = (
			);
			dependencies = (
				D4CD735C253D986800351A31 /* PBXTargetDependency */,
			);
			name = IBTESTUITests;
			productName = IBTESTUITests;
			productReference = D4CD735A253D986800351A31 /* IBTESTUITests.xctest */;
			productType = "com.apple.product-type.bundle.ui-testing";
		};
/* End PBXNativeTarget section */

/* Begin PBXProject section */
		D4CD7331253D986600351A31 /* Project object */ = {
			isa = PBXProject;
			attributes = {
				LastSwiftUpdateCheck = 1170;
				LastUpgradeCheck = 1170;
				ORGANIZATIONNAME = "이윤수";
				TargetAttributes = {
					D4CD7338253D986600351A31 = {
						CreatedOnToolsVersion = 11.7;
					};
					D4CD734E253D986800351A31 = {
						CreatedOnToolsVersion = 11.7;
						TestTargetID = D4CD7338253D986600351A31;
					};
					D4CD7359253D986800351A31 = {
						CreatedOnToolsVersion = 11.7;
						TestTargetID = D4CD7338253D986600351A31;
					};
				};
			};
			buildConfigurationList = D4CD7334253D986600351A31 /* Build configuration list for PBXProject "IBTEST" */;
			compatibilityVersion = "Xcode 9.3";
			developmentRegion = en;
			hasScannedForEncodings = 0;
			knownRegions = (
				en,
				Base,
			);
			mainGroup = D4CD7330253D986600351A31;
			productRefGroup = D4CD733A253D986600351A31 /* Products */;
			projectDirPath = "";
			projectRoot = "";
			targets = (
				D4CD7338253D986600351A31 /* IBTEST */,
				D4CD734E253D986800351A31 /* IBTESTTests */,
				D4CD7359253D986800351A31 /* IBTESTUITests */,
			);
		};
/* End PBXProject section */

/* Begin PBXResourcesBuildPhase section */
		D4CD7337253D986600351A31 /* Resources */ = {
			isa = PBXResourcesBuildPhase;
			buildActionMask = 2147483647;
			files = (
				D4CD7349253D986800351A31 /* LaunchScreen.storyboard in Resources */,
				D4CD7346253D986800351A31 /* Assets.xcassets in Resources */,
				D4CD7344253D986600351A31 /* Main.storyboard in Resources */,
			);
			runOnlyForDeploymentPostprocessing = 0;
		};
		D4CD734D253D986800351A31 /* Resources */ = {
			isa = PBXResourcesBuildPhase;
			buildActionMask = 2147483647;
			files = (
			);
			runOnlyForDeploymentPostprocessing = 0;
		};
		D4CD7358253D986800351A31 /* Resources */ = {
			isa = PBXResourcesBuildPhase;
			buildActionMask = 2147483647;
			files = (
			);
			runOnlyForDeploymentPostprocessing = 0;
		};
/* End PBXResourcesBuildPhase section */

/* Begin PBXSourcesBuildPhase section */
		D4CD7335253D986600351A31 /* Sources */ = {
			isa = PBXSourcesBuildPhase;
			buildActionMask = 2147483647;
			files = (
				D4CD7341253D986600351A31 /* ViewController.swift in Sources */,
				D4CD733D253D986600351A31 /* AppDelegate.swift in Sources */,
				D4CD733F253D986600351A31 /* SceneDelegate.swift in Sources */,
			);
			runOnlyForDeploymentPostprocessing = 0;
		};
		D4CD734B253D986800351A31 /* Sources */ = {
			isa = PBXSourcesBuildPhase;
			buildActionMask = 2147483647;
			files = (
				D4CD7354253D986800351A31 /* IBTESTTests.swift in Sources */,
			);
			runOnlyForDeploymentPostprocessing = 0;
		};
		D4CD7356253D986800351A31 /* Sources */ = {
			isa = PBXSourcesBuildPhase;
			buildActionMask = 2147483647;
			files = (
				D4CD735F253D986800351A31 /* IBTESTUITests.swift in Sources */,
			);
			runOnlyForDeploymentPostprocessing = 0;
		};
/* End PBXSourcesBuildPhase section */

/* Begin PBXTargetDependency section */
		D4CD7351253D986800351A31 /* PBXTargetDependency */ = {
			isa = PBXTargetDependency;
			target = D4CD7338253D986600351A31 /* IBTEST */;
			targetProxy = D4CD7350253D986800351A31 /* PBXContainerItemProxy */;
		};
		D4CD735C253D986800351A31 /* PBXTargetDependency */ = {
			isa = PBXTargetDependency;
			target = D4CD7338253D986600351A31 /* IBTEST */;
			targetProxy = D4CD735B253D986800351A31 /* PBXContainerItemProxy */;
		};
/* End PBXTargetDependency section */

/* Begin PBXVariantGroup section */
		D4CD7342253D986600351A31 /* Main.storyboard */ = {
			isa = PBXVariantGroup;
			children = (
				D4CD7343253D986600351A31 /* Base */,
			);
			name = Main.storyboard;
			sourceTree = "<group>";
		};
		D4CD7347253D986800351A31 /* LaunchScreen.storyboard */ = {
			isa = PBXVariantGroup;
			children = (
				D4CD7348253D986800351A31 /* Base */,
			);
			name = LaunchScreen.storyboard;
			sourceTree = "<group>";
		};
/* End PBXVariantGroup section */

/* Begin XCBuildConfiguration section */
		D4CD7361253D986800351A31 /* Debug */ = {
			isa = XCBuildConfiguration;
			buildSettings = {
				ALWAYS_SEARCH_USER_PATHS = NO;
				CLANG_ANALYZER_NONNULL = YES;
				CLANG_ANALYZER_NUMBER_OBJECT_CONVERSION = YES_AGGRESSIVE;
				CLANG_CXX_LANGUAGE_STANDARD = "gnu++14";
				CLANG_CXX_LIBRARY = "libc++";
				CLANG_ENABLE_MODULES = YES;
				CLANG_ENABLE_OBJC_ARC = YES;
				CLANG_ENABLE_OBJC_WEAK = YES;
				CLANG_WARN_BLOCK_CAPTURE_AUTORELEASING = YES;
				CLANG_WARN_BOOL_CONVERSION = YES;
				CLANG_WARN_COMMA = YES;
				CLANG_WARN_CONSTANT_CONVERSION = YES;
				CLANG_WARN_DEPRECATED_OBJC_IMPLEMENTATIONS = YES;
				CLANG_WARN_DIRECT_OBJC_ISA_USAGE = YES_ERROR;
				CLANG_WARN_DOCUMENTATION_COMMENTS = YES;
				CLANG_WARN_EMPTY_BODY = YES;
				CLANG_WARN_ENUM_CONVERSION = YES;
				CLANG_WARN_INFINITE_RECURSION = YES;
				CLANG_WARN_INT_CONVERSION = YES;
				CLANG_WARN_NON_LITERAL_NULL_CONVERSION = YES;
				CLANG_WARN_OBJC_IMPLICIT_RETAIN_SELF = YES;
				CLANG_WARN_OBJC_LITERAL_CONVERSION = YES;
				CLANG_WARN_OBJC_ROOT_CLASS = YES_ERROR;
				CLANG_WARN_RANGE_LOOP_ANALYSIS = YES;
				CLANG_WARN_STRICT_PROTOTYPES = YES;
				CLANG_WARN_SUSPICIOUS_MOVE = YES;
				CLANG_WARN_UNGUARDED_AVAILABILITY = YES_AGGRESSIVE;
				CLANG_WARN_UNREACHABLE_CODE = YES;
				CLANG_WARN__DUPLICATE_METHOD_MATCH = YES;
				COPY_PHASE_STRIP = NO;
				DEBUG_INFORMATION_FORMAT = dwarf;
				ENABLE_STRICT_OBJC_MSGSEND = YES;
				ENABLE_TESTABILITY = YES;
				GCC_C_LANGUAGE_STANDARD = gnu11;
				GCC_DYNAMIC_NO_PIC = NO;
				GCC_NO_COMMON_BLOCKS = YES;
				GCC_OPTIMIZATION_LEVEL = 0;
				GCC_PREPROCESSOR_DEFINITIONS = (
					"DEBUG=1",
					"$(inherited)",
				);
				GCC_WARN_64_TO_32_BIT_CONVERSION = YES;
				GCC_WARN_ABOUT_RETURN_TYPE = YES_ERROR;
				GCC_WARN_UNDECLARED_SELECTOR = YES;
				GCC_WARN_UNINITIALIZED_AUTOS = YES_AGGRESSIVE;
				GCC_WARN_UNUSED_FUNCTION = YES;
				GCC_WARN_UNUSED_VARIABLE = YES;
				IPHONEOS_DEPLOYMENT_TARGET = 13.7;
				MTL_ENABLE_DEBUG_INFO = INCLUDE_SOURCE;
				MTL_FAST_MATH = YES;
				ONLY_ACTIVE_ARCH = YES;
				SDKROOT = iphoneos;
				SWIFT_ACTIVE_COMPILATION_CONDITIONS = DEBUG;
				SWIFT_OPTIMIZATION_LEVEL = "-Onone";
			};
			name = Debug;
		};
		D4CD7362253D986800351A31 /* Release */ = {
			isa = XCBuildConfiguration;
			buildSettings = {
				ALWAYS_SEARCH_USER_PATHS = NO;
				CLANG_ANALYZER_NONNULL = YES;
				CLANG_ANALYZER_NUMBER_OBJECT_CONVERSION = YES_AGGRESSIVE;
				CLANG_CXX_LANGUAGE_STANDARD = "gnu++14";
				CLANG_CXX_LIBRARY = "libc++";
				CLANG_ENABLE_MODULES = YES;
				CLANG_ENABLE_OBJC_ARC = YES;
				CLANG_ENABLE_OBJC_WEAK = YES;
				CLANG_WARN_BLOCK_CAPTURE_AUTORELEASING = YES;
				CLANG_WARN_BOOL_CONVERSION = YES;
				CLANG_WARN_COMMA = YES;
				CLANG_WARN_CONSTANT_CONVERSION = YES;
				CLANG_WARN_DEPRECATED_OBJC_IMPLEMENTATIONS = YES;
				CLANG_WARN_DIRECT_OBJC_ISA_USAGE = YES_ERROR;
				CLANG_WARN_DOCUMENTATION_COMMENTS = YES;
				CLANG_WARN_EMPTY_BODY = YES;
				CLANG_WARN_ENUM_CONVERSION = YES;
				CLANG_WARN_INFINITE_RECURSION = YES;
				CLANG_WARN_INT_CONVERSION = YES;
				CLANG_WARN_NON_LITERAL_NULL_CONVERSION = YES;
				CLANG_WARN_OBJC_IMPLICIT_RETAIN_SELF = YES;
				CLANG_WARN_OBJC_LITERAL_CONVERSION = YES;
				CLANG_WARN_OBJC_ROOT_CLASS = YES_ERROR;
				CLANG_WARN_RANGE_LOOP_ANALYSIS = YES;
				CLANG_WARN_STRICT_PROTOTYPES = YES;
				CLANG_WARN_SUSPICIOUS_MOVE = YES;
				CLANG_WARN_UNGUARDED_AVAILABILITY = YES_AGGRESSIVE;
				CLANG_WARN_UNREACHABLE_CODE = YES;
				CLANG_WARN__DUPLICATE_METHOD_MATCH = YES;
				COPY_PHASE_STRIP = NO;
				DEBUG_INFORMATION_FORMAT = "dwarf-with-dsym";
				ENABLE_NS_ASSERTIONS = NO;
				ENABLE_STRICT_OBJC_MSGSEND = YES;
				GCC_C_LANGUAGE_STANDARD = gnu11;
				GCC_NO_COMMON_BLOCKS = YES;
				GCC_WARN_64_TO_32_BIT_CONVERSION = YES;
				GCC_WARN_ABOUT_RETURN_TYPE = YES_ERROR;
				GCC_WARN_UNDECLARED_SELECTOR = YES;
				GCC_WARN_UNINITIALIZED_AUTOS = YES_AGGRESSIVE;
				GCC_WARN_UNUSED_FUNCTION = YES;
				GCC_WARN_UNUSED_VARIABLE = YES;
				IPHONEOS_DEPLOYMENT_TARGET = 13.7;
				MTL_ENABLE_DEBUG_INFO = NO;
				MTL_FAST_MATH = YES;
				SDKROOT = iphoneos;
				SWIFT_COMPILATION_MODE = wholemodule;
				SWIFT_OPTIMIZATION_LEVEL = "-O";
				VALIDATE_PRODUCT = YES;
			};
			name = Release;
		};
		D4CD7364253D986800351A31 /* Debug */ = {
			isa = XCBuildConfiguration;
			buildSettings = {
				ASSETCATALOG_COMPILER_APPICON_NAME = AppIcon;
				CODE_SIGN_STYLE = Automatic;
				INFOPLIST_FILE = IBTEST/Info.plist;
				LD_RUNPATH_SEARCH_PATHS = (
					"$(inherited)",
					"@executable_path/Frameworks",
				);
				PRODUCT_BUNDLE_IDENTIFIER = LeeYoonSu.IBTEST;
				PRODUCT_NAME = "$(TARGET_NAME)";
				SWIFT_VERSION = 5.0;
				TARGETED_DEVICE_FAMILY = 1;
			};
			name = Debug;
		};
		D4CD7365253D986800351A31 /* Release */ = {
			isa = XCBuildConfiguration;
			buildSettings = {
				ASSETCATALOG_COMPILER_APPICON_NAME = AppIcon;
				CODE_SIGN_STYLE = Automatic;
				INFOPLIST_FILE = IBTEST/Info.plist;
				LD_RUNPATH_SEARCH_PATHS = (
					"$(inherited)",
					"@executable_path/Frameworks",
				);
				PRODUCT_BUNDLE_IDENTIFIER = LeeYoonSu.IBTEST;
				PRODUCT_NAME = "$(TARGET_NAME)";
				SWIFT_VERSION = 5.0;
				TARGETED_DEVICE_FAMILY = 1;
			};
			name = Release;
		};
		D4CD7367253D986800351A31 /* Debug */ = {
			isa = XCBuildConfiguration;
			buildSettings = {
				ALWAYS_EMBED_SWIFT_STANDARD_LIBRARIES = YES;
				BUNDLE_LOADER = "$(TEST_HOST)";
				CODE_SIGN_STYLE = Automatic;
				INFOPLIST_FILE = IBTESTTests/Info.plist;
				IPHONEOS_DEPLOYMENT_TARGET = 13.7;
				LD_RUNPATH_SEARCH_PATHS = (
					"$(inherited)",
					"@executable_path/Frameworks",
					"@loader_path/Frameworks",
				);
				PRODUCT_BUNDLE_IDENTIFIER = LeeYoonSu.IBTESTTests;
				PRODUCT_NAME = "$(TARGET_NAME)";
				SWIFT_VERSION = 5.0;
				TARGETED_DEVICE_FAMILY = "1,2";
				TEST_HOST = "$(BUILT_PRODUCTS_DIR)/IBTEST.app/IBTEST";
			};
			name = Debug;
		};
		D4CD7368253D986800351A31 /* Release */ = {
			isa = XCBuildConfiguration;
			buildSettings = {
				ALWAYS_EMBED_SWIFT_STANDARD_LIBRARIES = YES;
				BUNDLE_LOADER = "$(TEST_HOST)";
				CODE_SIGN_STYLE = Automatic;
				INFOPLIST_FILE = IBTESTTests/Info.plist;
				IPHONEOS_DEPLOYMENT_TARGET = 13.7;
				LD_RUNPATH_SEARCH_PATHS = (
					"$(inherited)",
					"@executable_path/Frameworks",
					"@loader_path/Frameworks",
				);
				PRODUCT_BUNDLE_IDENTIFIER = LeeYoonSu.IBTESTTests;
				PRODUCT_NAME = "$(TARGET_NAME)";
				SWIFT_VERSION = 5.0;
				TARGETED_DEVICE_FAMILY = "1,2";
				TEST_HOST = "$(BUILT_PRODUCTS_DIR)/IBTEST.app/IBTEST";
			};
			name = Release;
		};
		D4CD736A253D986800351A31 /* Debug */ = {
			isa = XCBuildConfiguration;
			buildSettings = {
				ALWAYS_EMBED_SWIFT_STANDARD_LIBRARIES = YES;
				CODE_SIGN_STYLE = Automatic;
				INFOPLIST_FILE = IBTESTUITests/Info.plist;
				LD_RUNPATH_SEARCH_PATHS = (
					"$(inherited)",
					"@executable_path/Frameworks",
					"@loader_path/Frameworks",
				);
				PRODUCT_BUNDLE_IDENTIFIER = LeeYoonSu.IBTESTUITests;
				PRODUCT_NAME = "$(TARGET_NAME)";
				SWIFT_VERSION = 5.0;
				TARGETED_DEVICE_FAMILY = "1,2";
				TEST_TARGET_NAME = IBTEST;
			};
			name = Debug;
		};
		D4CD736B253D986800351A31 /* Release */ = {
			isa = XCBuildConfiguration;
			buildSettings = {
				ALWAYS_EMBED_SWIFT_STANDARD_LIBRARIES = YES;
				CODE_SIGN_STYLE = Automatic;
				INFOPLIST_FILE = IBTESTUITests/Info.plist;
				LD_RUNPATH_SEARCH_PATHS = (
					"$(inherited)",
					"@executable_path/Frameworks",
					"@loader_path/Frameworks",
				);
				PRODUCT_BUNDLE_IDENTIFIER = LeeYoonSu.IBTESTUITests;
				PRODUCT_NAME = "$(TARGET_NAME)";
				SWIFT_VERSION = 5.0;
				TARGETED_DEVICE_FAMILY = "1,2";
				TEST_TARGET_NAME = IBTEST;
			};
			name = Release;
		};
/* End XCBuildConfiguration section */

/* Begin XCConfigurationList section */
		D4CD7334253D986600351A31 /* Build configuration list for PBXProject "IBTEST" */ = {
			isa = XCConfigurationList;
			buildConfigurations = (
				D4CD7361253D986800351A31 /* Debug */,
				D4CD7362253D986800351A31 /* Release */,
			);
			defaultConfigurationIsVisible = 0;
			defaultConfigurationName = Release;
		};
		D4CD7363253D986800351A31 /* Build configuration list for PBXNativeTarget "IBTEST" */ = {
			isa = XCConfigurationList;
			buildConfigurations = (
				D4CD7364253D986800351A31 /* Debug */,
				D4CD7365253D986800351A31 /* Release */,
			);
			defaultConfigurationIsVisible = 0;
			defaultConfigurationName = Release;
		};
		D4CD7366253D986800351A31 /* Build configuration list for PBXNativeTarget "IBTESTTests" */ = {
			isa = XCConfigurationList;
			buildConfigurations = (
				D4CD7367253D986800351A31 /* Debug */,
				D4CD7368253D986800351A31 /* Release */,
			);
			defaultConfigurationIsVisible = 0;
			defaultConfigurationName = Release;
		};
		D4CD7369253D986800351A31 /* Build configuration list for PBXNativeTarget "IBTESTUITests" */ = {
			isa = XCConfigurationList;
			buildConfigurations = (
				D4CD736A253D986800351A31 /* Debug */,
				D4CD736B253D986800351A31 /* Release */,
			);
			defaultConfigurationIsVisible = 0;
			defaultConfigurationName = Release;
		};
/* End XCConfigurationList section */
	};
	rootObject = D4CD7331253D986600351A31 /* Project object */;
}
