// !$*UTF8*$!
{
	archiveVersion = 1;
	classes = {
	};
	objectVersion = 50;
	objects = {

/* Begin PBXBuildFile section */
		D44538082575D48E004BA086 /* AppDelegate.swift in Sources */ = {isa = PBXBuildFile; fileRef = D44538072575D48E004BA086 /* AppDelegate.swift */; };
		D445380A2575D48E004BA086 /* SceneDelegate.swift in Sources */ = {isa = PBXBuildFile; fileRef = D44538092575D48E004BA086 /* SceneDelegate.swift */; };
		D445380C2575D48E004BA086 /* ViewController.swift in Sources */ = {isa = PBXBuildFile; fileRef = D445380B2575D48E004BA086 /* ViewController.swift */; };
		D445380F2575D48E004BA086 /* Main.storyboard in Resources */ = {isa = PBXBuildFile; fileRef = D445380D2575D48E004BA086 /* Main.storyboard */; };
		D44538112575D48F004BA086 /* Assets.xcassets in Resources */ = {isa = PBXBuildFile; fileRef = D44538102575D48F004BA086 /* Assets.xcassets */; };
		D44538142575D48F004BA086 /* LaunchScreen.storyboard in Resources */ = {isa = PBXBuildFile; fileRef = D44538122575D48F004BA086 /* LaunchScreen.storyboard */; };
		D445381F2575D48F004BA086 /* AutoResizing_PracticeTests.swift in Sources */ = {isa = PBXBuildFile; fileRef = D445381E2575D48F004BA086 /* AutoResizing_PracticeTests.swift */; };
		D445382A2575D490004BA086 /* AutoResizing_PracticeUITests.swift in Sources */ = {isa = PBXBuildFile; fileRef = D44538292575D490004BA086 /* AutoResizing_PracticeUITests.swift */; };
/* End PBXBuildFile section */

/* Begin PBXContainerItemProxy section */
		D445381B2575D48F004BA086 /* PBXContainerItemProxy */ = {
			isa = PBXContainerItemProxy;
			containerPortal = D44537FC2575D48E004BA086 /* Project object */;
			proxyType = 1;
			remoteGlobalIDString = D44538032575D48E004BA086;
			remoteInfo = "AutoResizing-Practice";
		};
		D44538262575D490004BA086 /* PBXContainerItemProxy */ = {
			isa = PBXContainerItemProxy;
			containerPortal = D44537FC2575D48E004BA086 /* Project object */;
			proxyType = 1;
			remoteGlobalIDString = D44538032575D48E004BA086;
			remoteInfo = "AutoResizing-Practice";
		};
/* End PBXContainerItemProxy section */

/* Begin PBXFileReference section */
		D44538042575D48E004BA086 /* AutoResizing-Practice.app */ = {isa = PBXFileReference; explicitFileType = wrapper.application; includeInIndex = 0; path = "AutoResizing-Practice.app"; sourceTree = BUILT_PRODUCTS_DIR; };
		D44538072575D48E004BA086 /* AppDelegate.swift */ = {isa = PBXFileReference; lastKnownFileType = sourcecode.swift; path = AppDelegate.swift; sourceTree = "<group>"; };
		D44538092575D48E004BA086 /* SceneDelegate.swift */ = {isa = PBXFileReference; lastKnownFileType = sourcecode.swift; path = SceneDelegate.swift; sourceTree = "<group>"; };
		D445380B2575D48E004BA086 /* ViewController.swift */ = {isa = PBXFileReference; lastKnownFileType = sourcecode.swift; path = ViewController.swift; sourceTree = "<group>"; };
		D445380E2575D48E004BA086 /* Base */ = {isa = PBXFileReference; lastKnownFileType = file.storyboard; name = Base; path = Base.lproj/Main.storyboard; sourceTree = "<group>"; };
		D44538102575D48F004BA086 /* Assets.xcassets */ = {isa = PBXFileReference; lastKnownFileType = folder.assetcatalog; path = Assets.xcassets; sourceTree = "<group>"; };
		D44538132575D48F004BA086 /* Base */ = {isa = PBXFileReference; lastKnownFileType = file.storyboard; name = Base; path = Base.lproj/LaunchScreen.storyboard; sourceTree = "<group>"; };
		D44538152575D48F004BA086 /* Info.plist */ = {isa = PBXFileReference; lastKnownFileType = text.plist.xml; path = Info.plist; sourceTree = "<group>"; };
		D445381A2575D48F004BA086 /* AutoResizing-PracticeTests.xctest */ = {isa = PBXFileReference; explicitFileType = wrapper.cfbundle; includeInIndex = 0; path = "AutoResizing-PracticeTests.xctest"; sourceTree = BUILT_PRODUCTS_DIR; };
		D445381E2575D48F004BA086 /* AutoResizing_PracticeTests.swift */ = {isa = PBXFileReference; lastKnownFileType = sourcecode.swift; path = AutoResizing_PracticeTests.swift; sourceTree = "<group>"; };
		D44538202575D48F004BA086 /* Info.plist */ = {isa = PBXFileReference; lastKnownFileType = text.plist.xml; path = Info.plist; sourceTree = "<group>"; };
		D44538252575D490004BA086 /* AutoResizing-PracticeUITests.xctest */ = {isa = PBXFileReference; explicitFileType = wrapper.cfbundle; includeInIndex = 0; path = "AutoResizing-PracticeUITests.xctest"; sourceTree = BUILT_PRODUCTS_DIR; };
		D44538292575D490004BA086 /* AutoResizing_PracticeUITests.swift */ = {isa = PBXFileReference; lastKnownFileType = sourcecode.swift; path = AutoResizing_PracticeUITests.swift; sourceTree = "<group>"; };
		D445382B2575D490004BA086 /* Info.plist */ = {isa = PBXFileReference; lastKnownFileType = text.plist.xml; path = Info.plist; sourceTree = "<group>"; };
/* End PBXFileReference section */

/* Begin PBXFrameworksBuildPhase section */
		D44538012575D48E004BA086 /* Frameworks */ = {
			isa = PBXFrameworksBuildPhase;
			buildActionMask = 2147483647;
			files = (
			);
			runOnlyForDeploymentPostprocessing = 0;
		};
		D44538172575D48F004BA086 /* Frameworks */ = {
			isa = PBXFrameworksBuildPhase;
			buildActionMask = 2147483647;
			files = (
			);
			runOnlyForDeploymentPostprocessing = 0;
		};
		D44538222575D490004BA086 /* Frameworks */ = {
			isa = PBXFrameworksBuildPhase;
			buildActionMask = 2147483647;
			files = (
			);
			runOnlyForDeploymentPostprocessing = 0;
		};
/* End PBXFrameworksBuildPhase section */

/* Begin PBXGroup section */
		D44537FB2575D48E004BA086 = {
			isa = PBXGroup;
			children = (
				D44538062575D48E004BA086 /* AutoResizing-Practice */,
				D445381D2575D48F004BA086 /* AutoResizing-PracticeTests */,
				D44538282575D490004BA086 /* AutoResizing-PracticeUITests */,
				D44538052575D48E004BA086 /* Products */,
			);
			sourceTree = "<group>";
		};
		D44538052575D48E004BA086 /* Products */ = {
			isa = PBXGroup;
			children = (
				D44538042575D48E004BA086 /* AutoResizing-Practice.app */,
				D445381A2575D48F004BA086 /* AutoResizing-PracticeTests.xctest */,
				D44538252575D490004BA086 /* AutoResizing-PracticeUITests.xctest */,
			);
			name = Products;
			sourceTree = "<group>";
		};
		D44538062575D48E004BA086 /* AutoResizing-Practice */ = {
			isa = PBXGroup;
			children = (
				D44538072575D48E004BA086 /* AppDelegate.swift */,
				D44538092575D48E004BA086 /* SceneDelegate.swift */,
				D445380B2575D48E004BA086 /* ViewController.swift */,
				D445380D2575D48E004BA086 /* Main.storyboard */,
				D44538102575D48F004BA086 /* Assets.xcassets */,
				D44538122575D48F004BA086 /* LaunchScreen.storyboard */,
				D44538152575D48F004BA086 /* Info.plist */,
			);
			path = "AutoResizing-Practice";
			sourceTree = "<group>";
		};
		D445381D2575D48F004BA086 /* AutoResizing-PracticeTests */ = {
			isa = PBXGroup;
			children = (
				D445381E2575D48F004BA086 /* AutoResizing_PracticeTests.swift */,
				D44538202575D48F004BA086 /* Info.plist */,
			);
			path = "AutoResizing-PracticeTests";
			sourceTree = "<group>";
		};
		D44538282575D490004BA086 /* AutoResizing-PracticeUITests */ = {
			isa = PBXGroup;
			children = (
				D44538292575D490004BA086 /* AutoResizing_PracticeUITests.swift */,
				D445382B2575D490004BA086 /* Info.plist */,
			);
			path = "AutoResizing-PracticeUITests";
			sourceTree = "<group>";
		};
/* End PBXGroup section */

/* Begin PBXNativeTarget section */
		D44538032575D48E004BA086 /* AutoResizing-Practice */ = {
			isa = PBXNativeTarget;
			buildConfigurationList = D445382E2575D490004BA086 /* Build configuration list for PBXNativeTarget "AutoResizing-Practice" */;
			buildPhases = (
				D44538002575D48E004BA086 /* Sources */,
				D44538012575D48E004BA086 /* Frameworks */,
				D44538022575D48E004BA086 /* Resources */,
			);
			buildRules = (
			);
			dependencies = (
			);
			name = "AutoResizing-Practice";
			productName = "AutoResizing-Practice";
			productReference = D44538042575D48E004BA086 /* AutoResizing-Practice.app */;
			productType = "com.apple.product-type.application";
		};
		D44538192575D48F004BA086 /* AutoResizing-PracticeTests */ = {
			isa = PBXNativeTarget;
			buildConfigurationList = D44538312575D490004BA086 /* Build configuration list for PBXNativeTarget "AutoResizing-PracticeTests" */;
			buildPhases = (
				D44538162575D48F004BA086 /* Sources */,
				D44538172575D48F004BA086 /* Frameworks */,
				D44538182575D48F004BA086 /* Resources */,
			);
			buildRules = (
			);
			dependencies = (
				D445381C2575D48F004BA086 /* PBXTargetDependency */,
			);
			name = "AutoResizing-PracticeTests";
			productName = "AutoResizing-PracticeTests";
			productReference = D445381A2575D48F004BA086 /* AutoResizing-PracticeTests.xctest */;
			productType = "com.apple.product-type.bundle.unit-test";
		};
		D44538242575D490004BA086 /* AutoResizing-PracticeUITests */ = {
			isa = PBXNativeTarget;
			buildConfigurationList = D44538342575D490004BA086 /* Build configuration list for PBXNativeTarget "AutoResizing-PracticeUITests" */;
			buildPhases = (
				D44538212575D490004BA086 /* Sources */,
				D44538222575D490004BA086 /* Frameworks */,
				D44538232575D490004BA086 /* Resources */,
			);
			buildRules = (
			);
			dependencies = (
				D44538272575D490004BA086 /* PBXTargetDependency */,
			);
			name = "AutoResizing-PracticeUITests";
			productName = "AutoResizing-PracticeUITests";
			productReference = D44538252575D490004BA086 /* AutoResizing-PracticeUITests.xctest */;
			productType = "com.apple.product-type.bundle.ui-testing";
		};
/* End PBXNativeTarget section */

/* Begin PBXProject section */
		D44537FC2575D48E004BA086 /* Project object */ = {
			isa = PBXProject;
			attributes = {
				LastSwiftUpdateCheck = 1220;
				LastUpgradeCheck = 1220;
				TargetAttributes = {
					D44538032575D48E004BA086 = {
						CreatedOnToolsVersion = 12.2;
					};
					D44538192575D48F004BA086 = {
						CreatedOnToolsVersion = 12.2;
						TestTargetID = D44538032575D48E004BA086;
					};
					D44538242575D490004BA086 = {
						CreatedOnToolsVersion = 12.2;
						TestTargetID = D44538032575D48E004BA086;
					};
				};
			};
			buildConfigurationList = D44537FF2575D48E004BA086 /* Build configuration list for PBXProject "AutoResizing-Practice" */;
			compatibilityVersion = "Xcode 9.3";
			developmentRegion = en;
			hasScannedForEncodings = 0;
			knownRegions = (
				en,
				Base,
			);
			mainGroup = D44537FB2575D48E004BA086;
			productRefGroup = D44538052575D48E004BA086 /* Products */;
			projectDirPath = "";
			projectRoot = "";
			targets = (
				D44538032575D48E004BA086 /* AutoResizing-Practice */,
				D44538192575D48F004BA086 /* AutoResizing-PracticeTests */,
				D44538242575D490004BA086 /* AutoResizing-PracticeUITests */,
			);
		};
/* End PBXProject section */

/* Begin PBXResourcesBuildPhase section */
		D44538022575D48E004BA086 /* Resources */ = {
			isa = PBXResourcesBuildPhase;
			buildActionMask = 2147483647;
			files = (
				D44538142575D48F004BA086 /* LaunchScreen.storyboard in Resources */,
				D44538112575D48F004BA086 /* Assets.xcassets in Resources */,
				D445380F2575D48E004BA086 /* Main.storyboard in Resources */,
			);
			runOnlyForDeploymentPostprocessing = 0;
		};
		D44538182575D48F004BA086 /* Resources */ = {
			isa = PBXResourcesBuildPhase;
			buildActionMask = 2147483647;
			files = (
			);
			runOnlyForDeploymentPostprocessing = 0;
		};
		D44538232575D490004BA086 /* Resources */ = {
			isa = PBXResourcesBuildPhase;
			buildActionMask = 2147483647;
			files = (
			);
			runOnlyForDeploymentPostprocessing = 0;
		};
/* End PBXResourcesBuildPhase section */

/* Begin PBXSourcesBuildPhase section */
		D44538002575D48E004BA086 /* Sources */ = {
			isa = PBXSourcesBuildPhase;
			buildActionMask = 2147483647;
			files = (
				D445380C2575D48E004BA086 /* ViewController.swift in Sources */,
				D44538082575D48E004BA086 /* AppDelegate.swift in Sources */,
				D445380A2575D48E004BA086 /* SceneDelegate.swift in Sources */,
			);
			runOnlyForDeploymentPostprocessing = 0;
		};
		D44538162575D48F004BA086 /* Sources */ = {
			isa = PBXSourcesBuildPhase;
			buildActionMask = 2147483647;
			files = (
				D445381F2575D48F004BA086 /* AutoResizing_PracticeTests.swift in Sources */,
			);
			runOnlyForDeploymentPostprocessing = 0;
		};
		D44538212575D490004BA086 /* Sources */ = {
			isa = PBXSourcesBuildPhase;
			buildActionMask = 2147483647;
			files = (
				D445382A2575D490004BA086 /* AutoResizing_PracticeUITests.swift in Sources */,
			);
			runOnlyForDeploymentPostprocessing = 0;
		};
/* End PBXSourcesBuildPhase section */

/* Begin PBXTargetDependency section */
		D445381C2575D48F004BA086 /* PBXTargetDependency */ = {
			isa = PBXTargetDependency;
			target = D44538032575D48E004BA086 /* AutoResizing-Practice */;
			targetProxy = D445381B2575D48F004BA086 /* PBXContainerItemProxy */;
		};
		D44538272575D490004BA086 /* PBXTargetDependency */ = {
			isa = PBXTargetDependency;
			target = D44538032575D48E004BA086 /* AutoResizing-Practice */;
			targetProxy = D44538262575D490004BA086 /* PBXContainerItemProxy */;
		};
/* End PBXTargetDependency section */

/* Begin PBXVariantGroup section */
		D445380D2575D48E004BA086 /* Main.storyboard */ = {
			isa = PBXVariantGroup;
			children = (
				D445380E2575D48E004BA086 /* Base */,
			);
			name = Main.storyboard;
			sourceTree = "<group>";
		};
		D44538122575D48F004BA086 /* LaunchScreen.storyboard */ = {
			isa = PBXVariantGroup;
			children = (
				D44538132575D48F004BA086 /* Base */,
			);
			name = LaunchScreen.storyboard;
			sourceTree = "<group>";
		};
/* End PBXVariantGroup section */

/* Begin XCBuildConfiguration section */
		D445382C2575D490004BA086 /* Debug */ = {
			isa = XCBuildConfiguration;
			buildSettings = {
				ALWAYS_SEARCH_USER_PATHS = NO;
				CLANG_ANALYZER_NONNULL = YES;
				CLANG_ANALYZER_NUMBER_OBJECT_CONVERSION = YES_AGGRESSIVE;
				CLANG_CXX_LANGUAGE_STANDARD = "gnu++14";
				CLANG_CXX_LIBRARY = "libc++";
				CLANG_ENABLE_MODULES = YES;
				CLANG_ENABLE_OBJC_ARC = YES;
				CLANG_ENABLE_OBJC_WEAK = YES;
				CLANG_WARN_BLOCK_CAPTURE_AUTORELEASING = YES;
				CLANG_WARN_BOOL_CONVERSION = YES;
				CLANG_WARN_COMMA = YES;
				CLANG_WARN_CONSTANT_CONVERSION = YES;
				CLANG_WARN_DEPRECATED_OBJC_IMPLEMENTATIONS = YES;
				CLANG_WARN_DIRECT_OBJC_ISA_USAGE = YES_ERROR;
				CLANG_WARN_DOCUMENTATION_COMMENTS = YES;
				CLANG_WARN_EMPTY_BODY = YES;
				CLANG_WARN_ENUM_CONVERSION = YES;
				CLANG_WARN_INFINITE_RECURSION = YES;
				CLANG_WARN_INT_CONVERSION = YES;
				CLANG_WARN_NON_LITERAL_NULL_CONVERSION = YES;
				CLANG_WARN_OBJC_IMPLICIT_RETAIN_SELF = YES;
				CLANG_WARN_OBJC_LITERAL_CONVERSION = YES;
				CLANG_WARN_OBJC_ROOT_CLASS = YES_ERROR;
				CLANG_WARN_QUOTED_INCLUDE_IN_FRAMEWORK_HEADER = YES;
				CLANG_WARN_RANGE_LOOP_ANALYSIS = YES;
				CLANG_WARN_STRICT_PROTOTYPES = YES;
				CLANG_WARN_SUSPICIOUS_MOVE = YES;
				CLANG_WARN_UNGUARDED_AVAILABILITY = YES_AGGRESSIVE;
				CLANG_WARN_UNREACHABLE_CODE = YES;
				CLANG_WARN__DUPLICATE_METHOD_MATCH = YES;
				COPY_PHASE_STRIP = NO;
				DEBUG_INFORMATION_FORMAT = dwarf;
				ENABLE_STRICT_OBJC_MSGSEND = YES;
				ENABLE_TESTABILITY = YES;
				GCC_C_LANGUAGE_STANDARD = gnu11;
				GCC_DYNAMIC_NO_PIC = NO;
				GCC_NO_COMMON_BLOCKS = YES;
				GCC_OPTIMIZATION_LEVEL = 0;
				GCC_PREPROCESSOR_DEFINITIONS = (
					"DEBUG=1",
					"$(inherited)",
				);
				GCC_WARN_64_TO_32_BIT_CONVERSION = YES;
				GCC_WARN_ABOUT_RETURN_TYPE = YES_ERROR;
				GCC_WARN_UNDECLARED_SELECTOR = YES;
				GCC_WARN_UNINITIALIZED_AUTOS = YES_AGGRESSIVE;
				GCC_WARN_UNUSED_FUNCTION = YES;
				GCC_WARN_UNUSED_VARIABLE = YES;
				IPHONEOS_DEPLOYMENT_TARGET = 14.2;
				MTL_ENABLE_DEBUG_INFO = INCLUDE_SOURCE;
				MTL_FAST_MATH = YES;
				ONLY_ACTIVE_ARCH = YES;
				SDKROOT = iphoneos;
				SWIFT_ACTIVE_COMPILATION_CONDITIONS = DEBUG;
				SWIFT_OPTIMIZATION_LEVEL = "-Onone";
			};
			name = Debug;
		};
		D445382D2575D490004BA086 /* Release */ = {
			isa = XCBuildConfiguration;
			buildSettings = {
				ALWAYS_SEARCH_USER_PATHS = NO;
				CLANG_ANALYZER_NONNULL = YES;
				CLANG_ANALYZER_NUMBER_OBJECT_CONVERSION = YES_AGGRESSIVE;
				CLANG_CXX_LANGUAGE_STANDARD = "gnu++14";
				CLANG_CXX_LIBRARY = "libc++";
				CLANG_ENABLE_MODULES = YES;
				CLANG_ENABLE_OBJC_ARC = YES;
				CLANG_ENABLE_OBJC_WEAK = YES;
				CLANG_WARN_BLOCK_CAPTURE_AUTORELEASING = YES;
				CLANG_WARN_BOOL_CONVERSION = YES;
				CLANG_WARN_COMMA = YES;
				CLANG_WARN_CONSTANT_CONVERSION = YES;
				CLANG_WARN_DEPRECATED_OBJC_IMPLEMENTATIONS = YES;
				CLANG_WARN_DIRECT_OBJC_ISA_USAGE = YES_ERROR;
				CLANG_WARN_DOCUMENTATION_COMMENTS = YES;
				CLANG_WARN_EMPTY_BODY = YES;
				CLANG_WARN_ENUM_CONVERSION = YES;
				CLANG_WARN_INFINITE_RECURSION = YES;
				CLANG_WARN_INT_CONVERSION = YES;
				CLANG_WARN_NON_LITERAL_NULL_CONVERSION = YES;
				CLANG_WARN_OBJC_IMPLICIT_RETAIN_SELF = YES;
				CLANG_WARN_OBJC_LITERAL_CONVERSION = YES;
				CLANG_WARN_OBJC_ROOT_CLASS = YES_ERROR;
				CLANG_WARN_QUOTED_INCLUDE_IN_FRAMEWORK_HEADER = YES;
				CLANG_WARN_RANGE_LOOP_ANALYSIS = YES;
				CLANG_WARN_STRICT_PROTOTYPES = YES;
				CLANG_WARN_SUSPICIOUS_MOVE = YES;
				CLANG_WARN_UNGUARDED_AVAILABILITY = YES_AGGRESSIVE;
				CLANG_WARN_UNREACHABLE_CODE = YES;
				CLANG_WARN__DUPLICATE_METHOD_MATCH = YES;
				COPY_PHASE_STRIP = NO;
				DEBUG_INFORMATION_FORMAT = "dwarf-with-dsym";
				ENABLE_NS_ASSERTIONS = NO;
				ENABLE_STRICT_OBJC_MSGSEND = YES;
				GCC_C_LANGUAGE_STANDARD = gnu11;
				GCC_NO_COMMON_BLOCKS = YES;
				GCC_WARN_64_TO_32_BIT_CONVERSION = YES;
				GCC_WARN_ABOUT_RETURN_TYPE = YES_ERROR;
				GCC_WARN_UNDECLARED_SELECTOR = YES;
				GCC_WARN_UNINITIALIZED_AUTOS = YES_AGGRESSIVE;
				GCC_WARN_UNUSED_FUNCTION = YES;
				GCC_WARN_UNUSED_VARIABLE = YES;
				IPHONEOS_DEPLOYMENT_TARGET = 14.2;
				MTL_ENABLE_DEBUG_INFO = NO;
				MTL_FAST_MATH = YES;
				SDKROOT = iphoneos;
				SWIFT_COMPILATION_MODE = wholemodule;
				SWIFT_OPTIMIZATION_LEVEL = "-O";
				VALIDATE_PRODUCT = YES;
			};
			name = Release;
		};
		D445382F2575D490004BA086 /* Debug */ = {
			isa = XCBuildConfiguration;
			buildSettings = {
				ASSETCATALOG_COMPILER_APPICON_NAME = AppIcon;
				ASSETCATALOG_COMPILER_GLOBAL_ACCENT_COLOR_NAME = AccentColor;
				CODE_SIGN_STYLE = Automatic;
				DEVELOPMENT_TEAM = 9B46SWWQX5;
				INFOPLIST_FILE = "AutoResizing-Practice/Info.plist";
				LD_RUNPATH_SEARCH_PATHS = (
					"$(inherited)",
					"@executable_path/Frameworks",
				);
				PRODUCT_BUNDLE_IDENTIFIER = "leeyoonsu.AutoResizing-Practice";
				PRODUCT_NAME = "$(TARGET_NAME)";
				SWIFT_VERSION = 5.0;
				TARGETED_DEVICE_FAMILY = 1;
			};
			name = Debug;
		};
		D44538302575D490004BA086 /* Release */ = {
			isa = XCBuildConfiguration;
			buildSettings = {
				ASSETCATALOG_COMPILER_APPICON_NAME = AppIcon;
				ASSETCATALOG_COMPILER_GLOBAL_ACCENT_COLOR_NAME = AccentColor;
				CODE_SIGN_STYLE = Automatic;
				DEVELOPMENT_TEAM = 9B46SWWQX5;
				INFOPLIST_FILE = "AutoResizing-Practice/Info.plist";
				LD_RUNPATH_SEARCH_PATHS = (
					"$(inherited)",
					"@executable_path/Frameworks",
				);
				PRODUCT_BUNDLE_IDENTIFIER = "leeyoonsu.AutoResizing-Practice";
				PRODUCT_NAME = "$(TARGET_NAME)";
				SWIFT_VERSION = 5.0;
				TARGETED_DEVICE_FAMILY = 1;
			};
			name = Release;
		};
		D44538322575D490004BA086 /* Debug */ = {
			isa = XCBuildConfiguration;
			buildSettings = {
				ALWAYS_EMBED_SWIFT_STANDARD_LIBRARIES = YES;
				BUNDLE_LOADER = "$(TEST_HOST)";
				CODE_SIGN_STYLE = Automatic;
				DEVELOPMENT_TEAM = 9B46SWWQX5;
				INFOPLIST_FILE = "AutoResizing-PracticeTests/Info.plist";
				IPHONEOS_DEPLOYMENT_TARGET = 14.2;
				LD_RUNPATH_SEARCH_PATHS = (
					"$(inherited)",
					"@executable_path/Frameworks",
					"@loader_path/Frameworks",
				);
				PRODUCT_BUNDLE_IDENTIFIER = "leeyoonsu.AutoResizing-PracticeTests";
				PRODUCT_NAME = "$(TARGET_NAME)";
				SWIFT_VERSION = 5.0;
				TARGETED_DEVICE_FAMILY = "1,2";
				TEST_HOST = "$(BUILT_PRODUCTS_DIR)/AutoResizing-Practice.app/AutoResizing-Practice";
			};
			name = Debug;
		};
		D44538332575D490004BA086 /* Release */ = {
			isa = XCBuildConfiguration;
			buildSettings = {
				ALWAYS_EMBED_SWIFT_STANDARD_LIBRARIES = YES;
				BUNDLE_LOADER = "$(TEST_HOST)";
				CODE_SIGN_STYLE = Automatic;
				DEVELOPMENT_TEAM = 9B46SWWQX5;
				INFOPLIST_FILE = "AutoResizing-PracticeTests/Info.plist";
				IPHONEOS_DEPLOYMENT_TARGET = 14.2;
				LD_RUNPATH_SEARCH_PATHS = (
					"$(inherited)",
					"@executable_path/Frameworks",
					"@loader_path/Frameworks",
				);
				PRODUCT_BUNDLE_IDENTIFIER = "leeyoonsu.AutoResizing-PracticeTests";
				PRODUCT_NAME = "$(TARGET_NAME)";
				SWIFT_VERSION = 5.0;
				TARGETED_DEVICE_FAMILY = "1,2";
				TEST_HOST = "$(BUILT_PRODUCTS_DIR)/AutoResizing-Practice.app/AutoResizing-Practice";
			};
			name = Release;
		};
		D44538352575D490004BA086 /* Debug */ = {
			isa = XCBuildConfiguration;
			buildSettings = {
				ALWAYS_EMBED_SWIFT_STANDARD_LIBRARIES = YES;
				CODE_SIGN_STYLE = Automatic;
				DEVELOPMENT_TEAM = 9B46SWWQX5;
				INFOPLIST_FILE = "AutoResizing-PracticeUITests/Info.plist";
				LD_RUNPATH_SEARCH_PATHS = (
					"$(inherited)",
					"@executable_path/Frameworks",
					"@loader_path/Frameworks",
				);
				PRODUCT_BUNDLE_IDENTIFIER = "leeyoonsu.AutoResizing-PracticeUITests";
				PRODUCT_NAME = "$(TARGET_NAME)";
				SWIFT_VERSION = 5.0;
				TARGETED_DEVICE_FAMILY = "1,2";
				TEST_TARGET_NAME = "AutoResizing-Practice";
			};
			name = Debug;
		};
		D44538362575D490004BA086 /* Release */ = {
			isa = XCBuildConfiguration;
			buildSettings = {
				ALWAYS_EMBED_SWIFT_STANDARD_LIBRARIES = YES;
				CODE_SIGN_STYLE = Automatic;
				DEVELOPMENT_TEAM = 9B46SWWQX5;
				INFOPLIST_FILE = "AutoResizing-PracticeUITests/Info.plist";
				LD_RUNPATH_SEARCH_PATHS = (
					"$(inherited)",
					"@executable_path/Frameworks",
					"@loader_path/Frameworks",
				);
				PRODUCT_BUNDLE_IDENTIFIER = "leeyoonsu.AutoResizing-PracticeUITests";
				PRODUCT_NAME = "$(TARGET_NAME)";
				SWIFT_VERSION = 5.0;
				TARGETED_DEVICE_FAMILY = "1,2";
				TEST_TARGET_NAME = "AutoResizing-Practice";
			};
			name = Release;
		};
/* End XCBuildConfiguration section */

/* Begin XCConfigurationList section */
		D44537FF2575D48E004BA086 /* Build configuration list for PBXProject "AutoResizing-Practice" */ = {
			isa = XCConfigurationList;
			buildConfigurations = (
				D445382C2575D490004BA086 /* Debug */,
				D445382D2575D490004BA086 /* Release */,
			);
			defaultConfigurationIsVisible = 0;
			defaultConfigurationName = Release;
		};
		D445382E2575D490004BA086 /* Build configuration list for PBXNativeTarget "AutoResizing-Practice" */ = {
			isa = XCConfigurationList;
			buildConfigurations = (
				D445382F2575D490004BA086 /* Debug */,
				D44538302575D490004BA086 /* Release */,
			);
			defaultConfigurationIsVisible = 0;
			defaultConfigurationName = Release;
		};
		D44538312575D490004BA086 /* Build configuration list for PBXNativeTarget "AutoResizing-PracticeTests" */ = {
			isa = XCConfigurationList;
			buildConfigurations = (
				D44538322575D490004BA086 /* Debug */,
				D44538332575D490004BA086 /* Release */,
			);
			defaultConfigurationIsVisible = 0;
			defaultConfigurationName = Release;
		};
		D44538342575D490004BA086 /* Build configuration list for PBXNativeTarget "AutoResizing-PracticeUITests" */ = {
			isa = XCConfigurationList;
			buildConfigurations = (
				D44538352575D490004BA086 /* Debug */,
				D44538362575D490004BA086 /* Release */,
			);
			defaultConfigurationIsVisible = 0;
			defaultConfigurationName = Release;
		};
/* End XCConfigurationList section */
	};
	rootObject = D44537FC2575D48E004BA086 /* Project object */;
}
