// !$*UTF8*$!
{
	archiveVersion = 1;
	classes = {
	};
	objectVersion = 50;
	objects = {

/* Begin PBXBuildFile section */
		D4BC0312253EE6AF00435F25 /* AppDelegate.swift in Sources */ = {isa = PBXBuildFile; fileRef = D4BC0311253EE6AF00435F25 /* AppDelegate.swift */; };
		D4BC0314253EE6AF00435F25 /* SceneDelegate.swift in Sources */ = {isa = PBXBuildFile; fileRef = D4BC0313253EE6AF00435F25 /* SceneDelegate.swift */; };
		D4BC0316253EE6AF00435F25 /* ViewController.swift in Sources */ = {isa = PBXBuildFile; fileRef = D4BC0315253EE6AF00435F25 /* ViewController.swift */; };
		D4BC0319253EE6AF00435F25 /* Main.storyboard in Resources */ = {isa = PBXBuildFile; fileRef = D4BC0317253EE6AF00435F25 /* Main.storyboard */; };
		D4BC031B253EE6B000435F25 /* Assets.xcassets in Resources */ = {isa = PBXBuildFile; fileRef = D4BC031A253EE6B000435F25 /* Assets.xcassets */; };
		D4BC031E253EE6B000435F25 /* LaunchScreen.storyboard in Resources */ = {isa = PBXBuildFile; fileRef = D4BC031C253EE6B000435F25 /* LaunchScreen.storyboard */; };
		D4BC0329253EE6B000435F25 /* Scene_Trans02Tests.swift in Sources */ = {isa = PBXBuildFile; fileRef = D4BC0328253EE6B000435F25 /* Scene_Trans02Tests.swift */; };
		D4BC0334253EE6B000435F25 /* Scene_Trans02UITests.swift in Sources */ = {isa = PBXBuildFile; fileRef = D4BC0333253EE6B000435F25 /* Scene_Trans02UITests.swift */; };
		D4BC3BCB253EEF6C00C319E3 /* SecondViewController.swift in Sources */ = {isa = PBXBuildFile; fileRef = D4BC3BCA253EEF6C00C319E3 /* SecondViewController.swift */; };
/* End PBXBuildFile section */

/* Begin PBXContainerItemProxy section */
		D4BC0325253EE6B000435F25 /* PBXContainerItemProxy */ = {
			isa = PBXContainerItemProxy;
			containerPortal = D4BC0306253EE6AF00435F25 /* Project object */;
			proxyType = 1;
			remoteGlobalIDString = D4BC030D253EE6AF00435F25;
			remoteInfo = "Scene-Trans02";
		};
		D4BC0330253EE6B000435F25 /* PBXContainerItemProxy */ = {
			isa = PBXContainerItemProxy;
			containerPortal = D4BC0306253EE6AF00435F25 /* Project object */;
			proxyType = 1;
			remoteGlobalIDString = D4BC030D253EE6AF00435F25;
			remoteInfo = "Scene-Trans02";
		};
/* End PBXContainerItemProxy section */

/* Begin PBXFileReference section */
		D4BC030E253EE6AF00435F25 /* Scene-Trans02.app */ = {isa = PBXFileReference; explicitFileType = wrapper.application; includeInIndex = 0; path = "Scene-Trans02.app"; sourceTree = BUILT_PRODUCTS_DIR; };
		D4BC0311253EE6AF00435F25 /* AppDelegate.swift */ = {isa = PBXFileReference; lastKnownFileType = sourcecode.swift; path = AppDelegate.swift; sourceTree = "<group>"; };
		D4BC0313253EE6AF00435F25 /* SceneDelegate.swift */ = {isa = PBXFileReference; lastKnownFileType = sourcecode.swift; path = SceneDelegate.swift; sourceTree = "<group>"; };
		D4BC0315253EE6AF00435F25 /* ViewController.swift */ = {isa = PBXFileReference; lastKnownFileType = sourcecode.swift; path = ViewController.swift; sourceTree = "<group>"; };
		D4BC0318253EE6AF00435F25 /* Base */ = {isa = PBXFileReference; lastKnownFileType = file.storyboard; name = Base; path = Base.lproj/Main.storyboard; sourceTree = "<group>"; };
		D4BC031A253EE6B000435F25 /* Assets.xcassets */ = {isa = PBXFileReference; lastKnownFileType = folder.assetcatalog; path = Assets.xcassets; sourceTree = "<group>"; };
		D4BC031D253EE6B000435F25 /* Base */ = {isa = PBXFileReference; lastKnownFileType = file.storyboard; name = Base; path = Base.lproj/LaunchScreen.storyboard; sourceTree = "<group>"; };
		D4BC031F253EE6B000435F25 /* Info.plist */ = {isa = PBXFileReference; lastKnownFileType = text.plist.xml; path = Info.plist; sourceTree = "<group>"; };
		D4BC0324253EE6B000435F25 /* Scene-Trans02Tests.xctest */ = {isa = PBXFileReference; explicitFileType = wrapper.cfbundle; includeInIndex = 0; path = "Scene-Trans02Tests.xctest"; sourceTree = BUILT_PRODUCTS_DIR; };
		D4BC0328253EE6B000435F25 /* Scene_Trans02Tests.swift */ = {isa = PBXFileReference; lastKnownFileType = sourcecode.swift; path = Scene_Trans02Tests.swift; sourceTree = "<group>"; };
		D4BC032A253EE6B000435F25 /* Info.plist */ = {isa = PBXFileReference; lastKnownFileType = text.plist.xml; path = Info.plist; sourceTree = "<group>"; };
		D4BC032F253EE6B000435F25 /* Scene-Trans02UITests.xctest */ = {isa = PBXFileReference; explicitFileType = wrapper.cfbundle; includeInIndex = 0; path = "Scene-Trans02UITests.xctest"; sourceTree = BUILT_PRODUCTS_DIR; };
		D4BC0333253EE6B000435F25 /* Scene_Trans02UITests.swift */ = {isa = PBXFileReference; lastKnownFileType = sourcecode.swift; path = Scene_Trans02UITests.swift; sourceTree = "<group>"; };
		D4BC0335253EE6B000435F25 /* Info.plist */ = {isa = PBXFileReference; lastKnownFileType = text.plist.xml; path = Info.plist; sourceTree = "<group>"; };
		D4BC3BCA253EEF6C00C319E3 /* SecondViewController.swift */ = {isa = PBXFileReference; lastKnownFileType = sourcecode.swift; path = SecondViewController.swift; sourceTree = "<group>"; };
/* End PBXFileReference section */

/* Begin PBXFrameworksBuildPhase section */
		D4BC030B253EE6AF00435F25 /* Frameworks */ = {
			isa = PBXFrameworksBuildPhase;
			buildActionMask = 2147483647;
			files = (
			);
			runOnlyForDeploymentPostprocessing = 0;
		};
		D4BC0321253EE6B000435F25 /* Frameworks */ = {
			isa = PBXFrameworksBuildPhase;
			buildActionMask = 2147483647;
			files = (
			);
			runOnlyForDeploymentPostprocessing = 0;
		};
		D4BC032C253EE6B000435F25 /* Frameworks */ = {
			isa = PBXFrameworksBuildPhase;
			buildActionMask = 2147483647;
			files = (
			);
			runOnlyForDeploymentPostprocessing = 0;
		};
/* End PBXFrameworksBuildPhase section */

/* Begin PBXGroup section */
		D4BC0305253EE6AF00435F25 = {
			isa = PBXGroup;
			children = (
				D4BC0310253EE6AF00435F25 /* Scene-Trans02 */,
				D4BC0327253EE6B000435F25 /* Scene-Trans02Tests */,
				D4BC0332253EE6B000435F25 /* Scene-Trans02UITests */,
				D4BC030F253EE6AF00435F25 /* Products */,
			);
			sourceTree = "<group>";
		};
		D4BC030F253EE6AF00435F25 /* Products */ = {
			isa = PBXGroup;
			children = (
				D4BC030E253EE6AF00435F25 /* Scene-Trans02.app */,
				D4BC0324253EE6B000435F25 /* Scene-Trans02Tests.xctest */,
				D4BC032F253EE6B000435F25 /* Scene-Trans02UITests.xctest */,
			);
			name = Products;
			sourceTree = "<group>";
		};
		D4BC0310253EE6AF00435F25 /* Scene-Trans02 */ = {
			isa = PBXGroup;
			children = (
				D4BC0311253EE6AF00435F25 /* AppDelegate.swift */,
				D4BC0313253EE6AF00435F25 /* SceneDelegate.swift */,
				D4BC0315253EE6AF00435F25 /* ViewController.swift */,
				D4BC3BCA253EEF6C00C319E3 /* SecondViewController.swift */,
				D4BC0317253EE6AF00435F25 /* Main.storyboard */,
				D4BC031A253EE6B000435F25 /* Assets.xcassets */,
				D4BC031C253EE6B000435F25 /* LaunchScreen.storyboard */,
				D4BC031F253EE6B000435F25 /* Info.plist */,
			);
			path = "Scene-Trans02";
			sourceTree = "<group>";
		};
		D4BC0327253EE6B000435F25 /* Scene-Trans02Tests */ = {
			isa = PBXGroup;
			children = (
				D4BC0328253EE6B000435F25 /* Scene_Trans02Tests.swift */,
				D4BC032A253EE6B000435F25 /* Info.plist */,
			);
			path = "Scene-Trans02Tests";
			sourceTree = "<group>";
		};
		D4BC0332253EE6B000435F25 /* Scene-Trans02UITests */ = {
			isa = PBXGroup;
			children = (
				D4BC0333253EE6B000435F25 /* Scene_Trans02UITests.swift */,
				D4BC0335253EE6B000435F25 /* Info.plist */,
			);
			path = "Scene-Trans02UITests";
			sourceTree = "<group>";
		};
/* End PBXGroup section */

/* Begin PBXNativeTarget section */
		D4BC030D253EE6AF00435F25 /* Scene-Trans02 */ = {
			isa = PBXNativeTarget;
			buildConfigurationList = D4BC0338253EE6B000435F25 /* Build configuration list for PBXNativeTarget "Scene-Trans02" */;
			buildPhases = (
				D4BC030A253EE6AF00435F25 /* Sources */,
				D4BC030B253EE6AF00435F25 /* Frameworks */,
				D4BC030C253EE6AF00435F25 /* Resources */,
			);
			buildRules = (
			);
			dependencies = (
			);
			name = "Scene-Trans02";
			productName = "Scene-Trans02";
			productReference = D4BC030E253EE6AF00435F25 /* Scene-Trans02.app */;
			productType = "com.apple.product-type.application";
		};
		D4BC0323253EE6B000435F25 /* Scene-Trans02Tests */ = {
			isa = PBXNativeTarget;
			buildConfigurationList = D4BC033B253EE6B000435F25 /* Build configuration list for PBXNativeTarget "Scene-Trans02Tests" */;
			buildPhases = (
				D4BC0320253EE6B000435F25 /* Sources */,
				D4BC0321253EE6B000435F25 /* Frameworks */,
				D4BC0322253EE6B000435F25 /* Resources */,
			);
			buildRules = (
			);
			dependencies = (
				D4BC0326253EE6B000435F25 /* PBXTargetDependency */,
			);
			name = "Scene-Trans02Tests";
			productName = "Scene-Trans02Tests";
			productReference = D4BC0324253EE6B000435F25 /* Scene-Trans02Tests.xctest */;
			productType = "com.apple.product-type.bundle.unit-test";
		};
		D4BC032E253EE6B000435F25 /* Scene-Trans02UITests */ = {
			isa = PBXNativeTarget;
			buildConfigurationList = D4BC033E253EE6B000435F25 /* Build configuration list for PBXNativeTarget "Scene-Trans02UITests" */;
			buildPhases = (
				D4BC032B253EE6B000435F25 /* Sources */,
				D4BC032C253EE6B000435F25 /* Frameworks */,
				D4BC032D253EE6B000435F25 /* Resources */,
			);
			buildRules = (
			);
			dependencies = (
				D4BC0331253EE6B000435F25 /* PBXTargetDependency */,
			);
			name = "Scene-Trans02UITests";
			productName = "Scene-Trans02UITests";
			productReference = D4BC032F253EE6B000435F25 /* Scene-Trans02UITests.xctest */;
			productType = "com.apple.product-type.bundle.ui-testing";
		};
/* End PBXNativeTarget section */

/* Begin PBXProject section */
		D4BC0306253EE6AF00435F25 /* Project object */ = {
			isa = PBXProject;
			attributes = {
				LastSwiftUpdateCheck = 1170;
				LastUpgradeCheck = 1170;
				ORGANIZATIONNAME = "이윤수";
				TargetAttributes = {
					D4BC030D253EE6AF00435F25 = {
						CreatedOnToolsVersion = 11.7;
					};
					D4BC0323253EE6B000435F25 = {
						CreatedOnToolsVersion = 11.7;
						TestTargetID = D4BC030D253EE6AF00435F25;
					};
					D4BC032E253EE6B000435F25 = {
						CreatedOnToolsVersion = 11.7;
						TestTargetID = D4BC030D253EE6AF00435F25;
					};
				};
			};
			buildConfigurationList = D4BC0309253EE6AF00435F25 /* Build configuration list for PBXProject "Scene-Trans02" */;
			compatibilityVersion = "Xcode 9.3";
			developmentRegion = en;
			hasScannedForEncodings = 0;
			knownRegions = (
				en,
				Base,
			);
			mainGroup = D4BC0305253EE6AF00435F25;
			productRefGroup = D4BC030F253EE6AF00435F25 /* Products */;
			projectDirPath = "";
			projectRoot = "";
			targets = (
				D4BC030D253EE6AF00435F25 /* Scene-Trans02 */,
				D4BC0323253EE6B000435F25 /* Scene-Trans02Tests */,
				D4BC032E253EE6B000435F25 /* Scene-Trans02UITests */,
			);
		};
/* End PBXProject section */

/* Begin PBXResourcesBuildPhase section */
		D4BC030C253EE6AF00435F25 /* Resources */ = {
			isa = PBXResourcesBuildPhase;
			buildActionMask = 2147483647;
			files = (
				D4BC031E253EE6B000435F25 /* LaunchScreen.storyboard in Resources */,
				D4BC031B253EE6B000435F25 /* Assets.xcassets in Resources */,
				D4BC0319253EE6AF00435F25 /* Main.storyboard in Resources */,
			);
			runOnlyForDeploymentPostprocessing = 0;
		};
		D4BC0322253EE6B000435F25 /* Resources */ = {
			isa = PBXResourcesBuildPhase;
			buildActionMask = 2147483647;
			files = (
			);
			runOnlyForDeploymentPostprocessing = 0;
		};
		D4BC032D253EE6B000435F25 /* Resources */ = {
			isa = PBXResourcesBuildPhase;
			buildActionMask = 2147483647;
			files = (
			);
			runOnlyForDeploymentPostprocessing = 0;
		};
/* End PBXResourcesBuildPhase section */

/* Begin PBXSourcesBuildPhase section */
		D4BC030A253EE6AF00435F25 /* Sources */ = {
			isa = PBXSourcesBuildPhase;
			buildActionMask = 2147483647;
			files = (
				D4BC3BCB253EEF6C00C319E3 /* SecondViewController.swift in Sources */,
				D4BC0316253EE6AF00435F25 /* ViewController.swift in Sources */,
				D4BC0312253EE6AF00435F25 /* AppDelegate.swift in Sources */,
				D4BC0314253EE6AF00435F25 /* SceneDelegate.swift in Sources */,
			);
			runOnlyForDeploymentPostprocessing = 0;
		};
		D4BC0320253EE6B000435F25 /* Sources */ = {
			isa = PBXSourcesBuildPhase;
			buildActionMask = 2147483647;
			files = (
				D4BC0329253EE6B000435F25 /* Scene_Trans02Tests.swift in Sources */,
			);
			runOnlyForDeploymentPostprocessing = 0;
		};
		D4BC032B253EE6B000435F25 /* Sources */ = {
			isa = PBXSourcesBuildPhase;
			buildActionMask = 2147483647;
			files = (
				D4BC0334253EE6B000435F25 /* Scene_Trans02UITests.swift in Sources */,
			);
			runOnlyForDeploymentPostprocessing = 0;
		};
/* End PBXSourcesBuildPhase section */

/* Begin PBXTargetDependency section */
		D4BC0326253EE6B000435F25 /* PBXTargetDependency */ = {
			isa = PBXTargetDependency;
			target = D4BC030D253EE6AF00435F25 /* Scene-Trans02 */;
			targetProxy = D4BC0325253EE6B000435F25 /* PBXContainerItemProxy */;
		};
		D4BC0331253EE6B000435F25 /* PBXTargetDependency */ = {
			isa = PBXTargetDependency;
			target = D4BC030D253EE6AF00435F25 /* Scene-Trans02 */;
			targetProxy = D4BC0330253EE6B000435F25 /* PBXContainerItemProxy */;
		};
/* End PBXTargetDependency section */

/* Begin PBXVariantGroup section */
		D4BC0317253EE6AF00435F25 /* Main.storyboard */ = {
			isa = PBXVariantGroup;
			children = (
				D4BC0318253EE6AF00435F25 /* Base */,
			);
			name = Main.storyboard;
			sourceTree = "<group>";
		};
		D4BC031C253EE6B000435F25 /* LaunchScreen.storyboard */ = {
			isa = PBXVariantGroup;
			children = (
				D4BC031D253EE6B000435F25 /* Base */,
			);
			name = LaunchScreen.storyboard;
			sourceTree = "<group>";
		};
/* End PBXVariantGroup section */

/* Begin XCBuildConfiguration section */
		D4BC0336253EE6B000435F25 /* Debug */ = {
			isa = XCBuildConfiguration;
			buildSettings = {
				ALWAYS_SEARCH_USER_PATHS = NO;
				CLANG_ANALYZER_NONNULL = YES;
				CLANG_ANALYZER_NUMBER_OBJECT_CONVERSION = YES_AGGRESSIVE;
				CLANG_CXX_LANGUAGE_STANDARD = "gnu++14";
				CLANG_CXX_LIBRARY = "libc++";
				CLANG_ENABLE_MODULES = YES;
				CLANG_ENABLE_OBJC_ARC = YES;
				CLANG_ENABLE_OBJC_WEAK = YES;
				CLANG_WARN_BLOCK_CAPTURE_AUTORELEASING = YES;
				CLANG_WARN_BOOL_CONVERSION = YES;
				CLANG_WARN_COMMA = YES;
				CLANG_WARN_CONSTANT_CONVERSION = YES;
				CLANG_WARN_DEPRECATED_OBJC_IMPLEMENTATIONS = YES;
				CLANG_WARN_DIRECT_OBJC_ISA_USAGE = YES_ERROR;
				CLANG_WARN_DOCUMENTATION_COMMENTS = YES;
				CLANG_WARN_EMPTY_BODY = YES;
				CLANG_WARN_ENUM_CONVERSION = YES;
				CLANG_WARN_INFINITE_RECURSION = YES;
				CLANG_WARN_INT_CONVERSION = YES;
				CLANG_WARN_NON_LITERAL_NULL_CONVERSION = YES;
				CLANG_WARN_OBJC_IMPLICIT_RETAIN_SELF = YES;
				CLANG_WARN_OBJC_LITERAL_CONVERSION = YES;
				CLANG_WARN_OBJC_ROOT_CLASS = YES_ERROR;
				CLANG_WARN_RANGE_LOOP_ANALYSIS = YES;
				CLANG_WARN_STRICT_PROTOTYPES = YES;
				CLANG_WARN_SUSPICIOUS_MOVE = YES;
				CLANG_WARN_UNGUARDED_AVAILABILITY = YES_AGGRESSIVE;
				CLANG_WARN_UNREACHABLE_CODE = YES;
				CLANG_WARN__DUPLICATE_METHOD_MATCH = YES;
				COPY_PHASE_STRIP = NO;
				DEBUG_INFORMATION_FORMAT = dwarf;
				ENABLE_STRICT_OBJC_MSGSEND = YES;
				ENABLE_TESTABILITY = YES;
				GCC_C_LANGUAGE_STANDARD = gnu11;
				GCC_DYNAMIC_NO_PIC = NO;
				GCC_NO_COMMON_BLOCKS = YES;
				GCC_OPTIMIZATION_LEVEL = 0;
				GCC_PREPROCESSOR_DEFINITIONS = (
					"DEBUG=1",
					"$(inherited)",
				);
				GCC_WARN_64_TO_32_BIT_CONVERSION = YES;
				GCC_WARN_ABOUT_RETURN_TYPE = YES_ERROR;
				GCC_WARN_UNDECLARED_SELECTOR = YES;
				GCC_WARN_UNINITIALIZED_AUTOS = YES_AGGRESSIVE;
				GCC_WARN_UNUSED_FUNCTION = YES;
				GCC_WARN_UNUSED_VARIABLE = YES;
				IPHONEOS_DEPLOYMENT_TARGET = 13.7;
				MTL_ENABLE_DEBUG_INFO = INCLUDE_SOURCE;
				MTL_FAST_MATH = YES;
				ONLY_ACTIVE_ARCH = YES;
				SDKROOT = iphoneos;
				SWIFT_ACTIVE_COMPILATION_CONDITIONS = DEBUG;
				SWIFT_OPTIMIZATION_LEVEL = "-Onone";
			};
			name = Debug;
		};
		D4BC0337253EE6B000435F25 /* Release */ = {
			isa = XCBuildConfiguration;
			buildSettings = {
				ALWAYS_SEARCH_USER_PATHS = NO;
				CLANG_ANALYZER_NONNULL = YES;
				CLANG_ANALYZER_NUMBER_OBJECT_CONVERSION = YES_AGGRESSIVE;
				CLANG_CXX_LANGUAGE_STANDARD = "gnu++14";
				CLANG_CXX_LIBRARY = "libc++";
				CLANG_ENABLE_MODULES = YES;
				CLANG_ENABLE_OBJC_ARC = YES;
				CLANG_ENABLE_OBJC_WEAK = YES;
				CLANG_WARN_BLOCK_CAPTURE_AUTORELEASING = YES;
				CLANG_WARN_BOOL_CONVERSION = YES;
				CLANG_WARN_COMMA = YES;
				CLANG_WARN_CONSTANT_CONVERSION = YES;
				CLANG_WARN_DEPRECATED_OBJC_IMPLEMENTATIONS = YES;
				CLANG_WARN_DIRECT_OBJC_ISA_USAGE = YES_ERROR;
				CLANG_WARN_DOCUMENTATION_COMMENTS = YES;
				CLANG_WARN_EMPTY_BODY = YES;
				CLANG_WARN_ENUM_CONVERSION = YES;
				CLANG_WARN_INFINITE_RECURSION = YES;
				CLANG_WARN_INT_CONVERSION = YES;
				CLANG_WARN_NON_LITERAL_NULL_CONVERSION = YES;
				CLANG_WARN_OBJC_IMPLICIT_RETAIN_SELF = YES;
				CLANG_WARN_OBJC_LITERAL_CONVERSION = YES;
				CLANG_WARN_OBJC_ROOT_CLASS = YES_ERROR;
				CLANG_WARN_RANGE_LOOP_ANALYSIS = YES;
				CLANG_WARN_STRICT_PROTOTYPES = YES;
				CLANG_WARN_SUSPICIOUS_MOVE = YES;
				CLANG_WARN_UNGUARDED_AVAILABILITY = YES_AGGRESSIVE;
				CLANG_WARN_UNREACHABLE_CODE = YES;
				CLANG_WARN__DUPLICATE_METHOD_MATCH = YES;
				COPY_PHASE_STRIP = NO;
				DEBUG_INFORMATION_FORMAT = "dwarf-with-dsym";
				ENABLE_NS_ASSERTIONS = NO;
				ENABLE_STRICT_OBJC_MSGSEND = YES;
				GCC_C_LANGUAGE_STANDARD = gnu11;
				GCC_NO_COMMON_BLOCKS = YES;
				GCC_WARN_64_TO_32_BIT_CONVERSION = YES;
				GCC_WARN_ABOUT_RETURN_TYPE = YES_ERROR;
				GCC_WARN_UNDECLARED_SELECTOR = YES;
				GCC_WARN_UNINITIALIZED_AUTOS = YES_AGGRESSIVE;
				GCC_WARN_UNUSED_FUNCTION = YES;
				GCC_WARN_UNUSED_VARIABLE = YES;
				IPHONEOS_DEPLOYMENT_TARGET = 13.7;
				MTL_ENABLE_DEBUG_INFO = NO;
				MTL_FAST_MATH = YES;
				SDKROOT = iphoneos;
				SWIFT_COMPILATION_MODE = wholemodule;
				SWIFT_OPTIMIZATION_LEVEL = "-O";
				VALIDATE_PRODUCT = YES;
			};
			name = Release;
		};
		D4BC0339253EE6B000435F25 /* Debug */ = {
			isa = XCBuildConfiguration;
			buildSettings = {
				ASSETCATALOG_COMPILER_APPICON_NAME = AppIcon;
				CODE_SIGN_STYLE = Automatic;
				INFOPLIST_FILE = "Scene-Trans02/Info.plist";
				LD_RUNPATH_SEARCH_PATHS = (
					"$(inherited)",
					"@executable_path/Frameworks",
				);
				PRODUCT_BUNDLE_IDENTIFIER = "LeeYoonSu.Scene-Trans02";
				PRODUCT_NAME = "$(TARGET_NAME)";
				SWIFT_VERSION = 5.0;
				TARGETED_DEVICE_FAMILY = 1;
			};
			name = Debug;
		};
		D4BC033A253EE6B000435F25 /* Release */ = {
			isa = XCBuildConfiguration;
			buildSettings = {
				ASSETCATALOG_COMPILER_APPICON_NAME = AppIcon;
				CODE_SIGN_STYLE = Automatic;
				INFOPLIST_FILE = "Scene-Trans02/Info.plist";
				LD_RUNPATH_SEARCH_PATHS = (
					"$(inherited)",
					"@executable_path/Frameworks",
				);
				PRODUCT_BUNDLE_IDENTIFIER = "LeeYoonSu.Scene-Trans02";
				PRODUCT_NAME = "$(TARGET_NAME)";
				SWIFT_VERSION = 5.0;
				TARGETED_DEVICE_FAMILY = 1;
			};
			name = Release;
		};
		D4BC033C253EE6B000435F25 /* Debug */ = {
			isa = XCBuildConfiguration;
			buildSettings = {
				ALWAYS_EMBED_SWIFT_STANDARD_LIBRARIES = YES;
				BUNDLE_LOADER = "$(TEST_HOST)";
				CODE_SIGN_STYLE = Automatic;
				INFOPLIST_FILE = "Scene-Trans02Tests/Info.plist";
				IPHONEOS_DEPLOYMENT_TARGET = 13.7;
				LD_RUNPATH_SEARCH_PATHS = (
					"$(inherited)",
					"@executable_path/Frameworks",
					"@loader_path/Frameworks",
				);
				PRODUCT_BUNDLE_IDENTIFIER = "LeeYoonSu.Scene-Trans02Tests";
				PRODUCT_NAME = "$(TARGET_NAME)";
				SWIFT_VERSION = 5.0;
				TARGETED_DEVICE_FAMILY = "1,2";
				TEST_HOST = "$(BUILT_PRODUCTS_DIR)/Scene-Trans02.app/Scene-Trans02";
			};
			name = Debug;
		};
		D4BC033D253EE6B000435F25 /* Release */ = {
			isa = XCBuildConfiguration;
			buildSettings = {
				ALWAYS_EMBED_SWIFT_STANDARD_LIBRARIES = YES;
				BUNDLE_LOADER = "$(TEST_HOST)";
				CODE_SIGN_STYLE = Automatic;
				INFOPLIST_FILE = "Scene-Trans02Tests/Info.plist";
				IPHONEOS_DEPLOYMENT_TARGET = 13.7;
				LD_RUNPATH_SEARCH_PATHS = (
					"$(inherited)",
					"@executable_path/Frameworks",
					"@loader_path/Frameworks",
				);
				PRODUCT_BUNDLE_IDENTIFIER = "LeeYoonSu.Scene-Trans02Tests";
				PRODUCT_NAME = "$(TARGET_NAME)";
				SWIFT_VERSION = 5.0;
				TARGETED_DEVICE_FAMILY = "1,2";
				TEST_HOST = "$(BUILT_PRODUCTS_DIR)/Scene-Trans02.app/Scene-Trans02";
			};
			name = Release;
		};
		D4BC033F253EE6B000435F25 /* Debug */ = {
			isa = XCBuildConfiguration;
			buildSettings = {
				ALWAYS_EMBED_SWIFT_STANDARD_LIBRARIES = YES;
				CODE_SIGN_STYLE = Automatic;
				INFOPLIST_FILE = "Scene-Trans02UITests/Info.plist";
				LD_RUNPATH_SEARCH_PATHS = (
					"$(inherited)",
					"@executable_path/Frameworks",
					"@loader_path/Frameworks",
				);
				PRODUCT_BUNDLE_IDENTIFIER = "LeeYoonSu.Scene-Trans02UITests";
				PRODUCT_NAME = "$(TARGET_NAME)";
				SWIFT_VERSION = 5.0;
				TARGETED_DEVICE_FAMILY = "1,2";
				TEST_TARGET_NAME = "Scene-Trans02";
			};
			name = Debug;
		};
		D4BC0340253EE6B000435F25 /* Release */ = {
			isa = XCBuildConfiguration;
			buildSettings = {
				ALWAYS_EMBED_SWIFT_STANDARD_LIBRARIES = YES;
				CODE_SIGN_STYLE = Automatic;
				INFOPLIST_FILE = "Scene-Trans02UITests/Info.plist";
				LD_RUNPATH_SEARCH_PATHS = (
					"$(inherited)",
					"@executable_path/Frameworks",
					"@loader_path/Frameworks",
				);
				PRODUCT_BUNDLE_IDENTIFIER = "LeeYoonSu.Scene-Trans02UITests";
				PRODUCT_NAME = "$(TARGET_NAME)";
				SWIFT_VERSION = 5.0;
				TARGETED_DEVICE_FAMILY = "1,2";
				TEST_TARGET_NAME = "Scene-Trans02";
			};
			name = Release;
		};
/* End XCBuildConfiguration section */

/* Begin XCConfigurationList section */
		D4BC0309253EE6AF00435F25 /* Build configuration list for PBXProject "Scene-Trans02" */ = {
			isa = XCConfigurationList;
			buildConfigurations = (
				D4BC0336253EE6B000435F25 /* Debug */,
				D4BC0337253EE6B000435F25 /* Release */,
			);
			defaultConfigurationIsVisible = 0;
			defaultConfigurationName = Release;
		};
		D4BC0338253EE6B000435F25 /* Build configuration list for PBXNativeTarget "Scene-Trans02" */ = {
			isa = XCConfigurationList;
			buildConfigurations = (
				D4BC0339253EE6B000435F25 /* Debug */,
				D4BC033A253EE6B000435F25 /* Release */,
			);
			defaultConfigurationIsVisible = 0;
			defaultConfigurationName = Release;
		};
		D4BC033B253EE6B000435F25 /* Build configuration list for PBXNativeTarget "Scene-Trans02Tests" */ = {
			isa = XCConfigurationList;
			buildConfigurations = (
				D4BC033C253EE6B000435F25 /* Debug */,
				D4BC033D253EE6B000435F25 /* Release */,
			);
			defaultConfigurationIsVisible = 0;
			defaultConfigurationName = Release;
		};
		D4BC033E253EE6B000435F25 /* Build configuration list for PBXNativeTarget "Scene-Trans02UITests" */ = {
			isa = XCConfigurationList;
			buildConfigurations = (
				D4BC033F253EE6B000435F25 /* Debug */,
				D4BC0340253EE6B000435F25 /* Release */,
			);
			defaultConfigurationIsVisible = 0;
			defaultConfigurationName = Release;
		};
/* End XCConfigurationList section */
	};
	rootObject = D4BC0306253EE6AF00435F25 /* Project object */;
}
